
Microsoft Visual Studio Solution File, Format Version 12.00
# Visual Studio Version 16
VisualStudioVersion = 16.0.32126.315
MinimumVisualStudioVersion = 10.0.40219.1
Project("{8BC9CEB8-8B4A-11D0-8D11-00A0C91BC942}") = "0-01GLAD", "0-01GLAD\0-01GLAD.vcxproj", "{E1937124-82C9-4FE1-8E24-D3520C69B38B}"
EndProject
Project("{8BC9CEB8-8B4A-11D0-8D11-00A0C91BC942}") = "1-01GLAD_Window", "1-01GLAD_Window\1-01GLAD_Window.vcxproj", "{2E4AD33D-48F4-40E3-9D48-5B65B2A771C4}"
EndProject
Project("{8BC9CEB8-8B4A-11D0-8D11-00A0C91BC942}") = "1-02GLEW_Window", "1-02GLEW_Window\1-02GLEW_Window.vcxproj", "{1C4B3EB2-5B6A-4619-8F4B-74E1BB69C1D5}"
EndProject
Project("{8BC9CEB8-8B4A-11D0-8D11-00A0C91BC942}") = "2-01Triangle", "2-01Triangle\2-01Triangle.vcxproj", "{28C30FEF-549B-41DF-802C-C99F7C423A5B}"
EndProject
Project("{8BC9CEB8-8B4A-11D0-8D11-00A0C91BC942}") = "2-02Triangle_Element", "2-02Triangle_Element\2-02Triangle_Element.vcxproj", "{B035EBED-E347-4E89-B2F7-C133282729B6}"
EndProject
Project("{8BC9CEB8-8B4A-11D0-8D11-00A0C91BC942}") = "2-03Triangle_Exercise1", "2-03Triangle_Exercise1\2-03Triangle_Exercise1.vcxproj", "{544A0E67-9DE0-40C9-BBCB-9A7C017FC46C}"
EndProject
Project("{8BC9CEB8-8B4A-11D0-8D11-00A0C91BC942}") = "2-04Triangle_Exercise2", "2-04Triangle_Exercise2\2-04Triangle_Exercise2.vcxproj", "{3236CFAB-0CB6-45FB-8A95-606250C641C1}"
EndProject
Project("{8BC9CEB8-8B4A-11D0-8D11-00A0C91BC942}") = "2-05Triangle_Exercise3", "2-05Triangle_Exercise3\2-05Triangle_Exercise3.vcxproj", "{AFCB593B-C8C1-4D03-9AFD-B49E0407845E}"
EndProject
Project("{8BC9CEB8-8B4A-11D0-8D11-00A0C91BC942}") = "2-06Shaders_Uniform", "2-06Shaders_Uniform\2-06Shaders_Uniform.vcxproj", "{CC6938AD-FC87-488D-948F-845279A083F1}"
EndProject
Project("{8BC9CEB8-8B4A-11D0-8D11-00A0C91BC942}") = "2-07Shader_Fragment_Interpolation", "2-07Shader_Fragment_Interpolation\2-07Shader_Fragment_Interpolation.vcxproj", "{10A45D0E-2D51-496F-A5C2-A0FA7FC01B50}"
EndProject
Project("{8BC9CEB8-8B4A-11D0-8D11-00A0C91BC942}") = "2-08Shader_Class", "2-08Shader_Class\2-08Shader_Class.vcxproj", "{364AA2D9-F2BE-4D77-A96C-987C2E3F886D}"
EndProject
Project("{8BC9CEB8-8B4A-11D0-8D11-00A0C91BC942}") = "2-09Textures", "2-09Textures\2-09Textures.vcxproj", "{68660AA0-8C01-491A-B37B-9C86C4289AF3}"
EndProject
Project("{8BC9CEB8-8B4A-11D0-8D11-00A0C91BC942}") = "2-10Textures_Combined", "2-10Textures_Combined\2-10Textures_Combined.vcxproj", "{912B9D3C-9956-4D60-90CB-0EF3CC702F8C}"
EndProject
Project("{8BC9CEB8-8B4A-11D0-8D11-00A0C91BC942}") = "2-11Textures_Exercise1", "2-11Textures_Exercise1\2-11Textures_Exercise1.vcxproj", "{F9816C5E-DF27-42F0-AE22-E778546BAC9F}"
EndProject
Project("{8BC9CEB8-8B4A-11D0-8D11-00A0C91BC942}") = "2-12Textures_Exercise2", "2-12Textures_Exercise2\2-12Textures_Exercise2.vcxproj", "{0552952C-3213-4C49-B7EA-64BC4097F258}"
EndProject
Project("{8BC9CEB8-8B4A-11D0-8D11-00A0C91BC942}") = "2-13Textures_Exercise3", "2-13Textures_Exercise3\2-13Textures_Exercise3.vcxproj", "{A97D272B-1B1E-4D7F-8DA7-0AC843B7716D}"
EndProject
Project("{8BC9CEB8-8B4A-11D0-8D11-00A0C91BC942}") = "2-14Transformations", "2-14Transformations\2-14Transformations.vcxproj", "{7D5664F9-F08C-424E-B1B8-8170FE2DC5A5}"
EndProject
Project("{8BC9CEB8-8B4A-11D0-8D11-00A0C91BC942}") = "2-15Transformations_Exercise1", "2-15Transformations_Exercise1\2-15Transformations_Exercise1.vcxproj", "{079DB313-7587-47B8-99A6-63F51749CC97}"
EndProject
Project("{8BC9CEB8-8B4A-11D0-8D11-00A0C91BC942}") = "2-16Coordinate_Systems", "2-16Coordinate_Systems\2-16Coordinate_Systems.vcxproj", "{044B46E0-CDB7-4987-9D9C-D117CB6D6D0F}"
EndProject
Project("{8BC9CEB8-8B4A-11D0-8D11-00A0C91BC942}") = "2-17Coordinate_Systems_3D", "2-17Coordinate_Systems_3D\2-17Coordinate_Systems_3D.vcxproj", "{C00F5FC1-4293-4505-A66F-357F1A61008D}"
EndProject
Project("{8BC9CEB8-8B4A-11D0-8D11-00A0C91BC942}") = "2-18Coordinate_Systems_3D_Multiple", "2-18Coordinate_Systems_3D_Multiple\2-18Coordinate_Systems_3D_Multiple.vcxproj", "{621E9729-5066-45D4-92CE-E6434C2A33C1}"
EndProject
Project("{8BC9CEB8-8B4A-11D0-8D11-00A0C91BC942}") = "2-19Camera_LookAt", "2-19Camera_LookAt\2-19Camera_LookAt.vcxproj", "{EF4841F5-5FC3-4B7D-BCE4-B47897D1DF0C}"
EndProject
Project("{8BC9CEB8-8B4A-11D0-8D11-00A0C91BC942}") = "2-20Camera_LookAt_Keyboard", "2-20Camera_LookAt_Keyboard\2-20Camera_LookAt_Keyboard.vcxproj", "{7A8CB476-E6BE-440D-A97C-3F8449463CEE}"
EndProject
Project("{8BC9CEB8-8B4A-11D0-8D11-00A0C91BC942}") = "2-21Camera_LookAt_Mouse", "2-21Camera_LookAt_Mouse\2-21Camera_LookAt_Mouse.vcxproj", "{B452D0C7-8085-4A48-8DF7-71188457DB8F}"
EndProject
Project("{8BC9CEB8-8B4A-11D0-8D11-00A0C91BC942}") = "2-22Camera_Class", "2-22Camera_Class\2-22Camera_Class.vcxproj", "{4C672566-33F4-466E-8085-7741A11935D2}"
EndProject
Project("{8BC9CEB8-8B4A-11D0-8D11-00A0C91BC942}") = "2-23Camera_Class_my_lookAt", "2-23Camera_Class_my_lookAt\2-23Camera_Class_my_lookAt.vcxproj", "{DB543955-D1FB-4750-80E0-15B0C8BF627F}"
EndProject
Project("{8BC9CEB8-8B4A-11D0-8D11-00A0C91BC942}") = "3-01Lighting_Colors", "3-01Lighting_Colors\3-01Lighting_Colors.vcxproj", "{582C1C1A-53CF-4C13-9080-56A92196EF4B}"
EndProject
Project("{8BC9CEB8-8B4A-11D0-8D11-00A0C91BC942}") = "3-02Lighting_Diffuse", "3-02Lighting_Diffuse\3-02Lighting_Diffuse.vcxproj", "{48B311A3-12BB-426A-A800-695161747B41}"
EndProject
Project("{8BC9CEB8-8B4A-11D0-8D11-00A0C91BC942}") = "3-03Lighting_Specular", "3-03Lighting_Specular\3-03Lighting_Specular.vcxproj", "{EDE1CECD-CEC5-4C50-A53F-9A7000A67B43}"
EndProject
Project("{8BC9CEB8-8B4A-11D0-8D11-00A0C91BC942}") = "3-05Lighting_GouraudShading", "3-05Lighting_GouraudShading\3-05Lighting_GouraudShading.vcxproj", "{9A852004-C7D4-461C-BDC5-E085F2E66E3B}"
EndProject
Project("{8BC9CEB8-8B4A-11D0-8D11-00A0C91BC942}") = "3-06Material", "3-06Material\3-06Material.vcxproj", "{59746E7B-3C61-42D4-BC9F-20A481640950}"
EndProject
Project("{8BC9CEB8-8B4A-11D0-8D11-00A0C91BC942}") = "3-04Lighting_Phong_View", "3-04Lighting_Phong_View\3-04Lighting_Phong_View.vcxproj", "{B81E7E33-7DDE-402E-95D7-AC43E0E8AF0B}"
EndProject
Project("{8BC9CEB8-8B4A-11D0-8D11-00A0C91BC942}") = "3-07Material_Map", "3-07Material_Map\3-07Material_Map.vcxproj", "{92B653FD-E12F-4572-8634-FD9B35D41233}"
EndProject
Project("{8BC9CEB8-8B4A-11D0-8D11-00A0C91BC942}") = "3-08Material_Emission", "3-08Material_Emission\3-08Material_Emission.vcxproj", "{5E8F5154-43B1-47E3-956D-C273C571D5B9}"
EndProject
Project("{8BC9CEB8-8B4A-11D0-8D11-00A0C91BC942}") = "3-09Light_Directional", "3-09Light_Directional\3-09Light_Directional.vcxproj", "{AF01E775-7F47-4491-8044-330CA97125CC}"
EndProject
Project("{8BC9CEB8-8B4A-11D0-8D11-00A0C91BC942}") = "3-10Light_Point", "3-10Light_Point\3-10Light_Point.vcxproj", "{A840BA5C-5C96-4246-A230-13AFBEAB35C0}"
EndProject
Project("{8BC9CEB8-8B4A-11D0-8D11-00A0C91BC942}") = "3-11Light_Spot", "3-11Light_Spot\3-11Light_Spot.vcxproj", "{C31663EA-8C72-4EA8-8647-F4379275B305}"
EndProject
Project("{8BC9CEB8-8B4A-11D0-8D11-00A0C91BC942}") = "3-12Light_Multiple", "3-12Light_Multiple\3-12Light_Multiple.vcxproj", "{29A86D87-A5AA-443E-A431-8B2D775F49FD}"
EndProject
Project("{8BC9CEB8-8B4A-11D0-8D11-00A0C91BC942}") = "4-01Model_Loading_Mesh", "4-01Model_Loading_Mesh\4-01Model_Loading_Mesh.vcxproj", "{20EB2346-5CC5-4963-B4DE-FAC64BC8B158}"
EndProject
Project("{8BC9CEB8-8B4A-11D0-8D11-00A0C91BC942}") = "4-02Model_Loading_Model", "4-02Model_Loading_Model\4-02Model_Loading_Model.vcxproj", "{3FA9500A-B32E-49FA-9AC3-1F1174BE9DD5}"
EndProject
Project("{8BC9CEB8-8B4A-11D0-8D11-00A0C91BC942}") = "5-01Depth_Test", "5-01Depth_Test\5-01Depth_Test.vcxproj", "{86D7581F-A9D4-4692-8978-A3F6644A9FCF}"
EndProject
Project("{8BC9CEB8-8B4A-11D0-8D11-00A0C91BC942}") = "5-02Depth_Test_View", "5-02Depth_Test_View\5-02Depth_Test_View.vcxproj", "{F7F83965-E6F2-45CC-8F3D-44899850EEF9}"
EndProject
Project("{8BC9CEB8-8B4A-11D0-8D11-00A0C91BC942}") = "5-03StencilTesting", "5-03StencilTesting\5-03StencilTesting.vcxproj", "{02F248A1-B98D-4C2D-B0A5-A4810C6264F6}"
EndProject
Project("{8BC9CEB8-8B4A-11D0-8D11-00A0C91BC942}") = "5-04Blending_DisCard", "5-04Blending_DisCard\5-04Blending_DisCard.vcxproj", "{16FE1A10-3F33-4289-A207-9E619D251B77}"
EndProject
Project("{8BC9CEB8-8B4A-11D0-8D11-00A0C91BC942}") = "5-05Blending_Sort", "5-05Blending_Sort\5-05Blending_Sort.vcxproj", "{29A09D03-F7F6-431D-917B-37EF94B45259}"
EndProject
Project("{8BC9CEB8-8B4A-11D0-8D11-00A0C91BC942}") = "5-06Face_Culling", "5-06Face_Culling\5-06Face_Culling.vcxproj", "{F83777DA-1995-40B7-8E19-E42A42FC8E79}"
EndProject
Project("{8BC9CEB8-8B4A-11D0-8D11-00A0C91BC942}") = "5-07FrameBuffers", "5-07FrameBuffers\5-07FrameBuffers.vcxproj", "{0A45242E-9CF1-46AC-9174-799417359893}"
EndProject
Project("{8BC9CEB8-8B4A-11D0-8D11-00A0C91BC942}") = "5-08FrameBuffers_Exercise1", "5-08FrameBuffers_Exercise1\5-08FrameBuffers_Exercise1.vcxproj", "{D170330A-6BD6-4058-A859-DA536D93B38F}"
EndProject
Project("{8BC9CEB8-8B4A-11D0-8D11-00A0C91BC942}") = "5-09FrameBuffers_Post_Processing", "5-09FrameBuffers_Post_Processing\5-09FrameBuffers_Post_Processing.vcxproj", "{41B77BDA-EED8-42E2-9ED7-E4A6C1B9DE5C}"
EndProject
Project("{8BC9CEB8-8B4A-11D0-8D11-00A0C91BC942}") = "5-10CubeMaps_Skybox", "5-10CubeMaps_Skybox\5-10CubeMaps_Skybox.vcxproj", "{43395BA9-736D-4CF0-9735-55D8CA50ED99}"
EndProject
Project("{8BC9CEB8-8B4A-11D0-8D11-00A0C91BC942}") = "5-11CubeMaps_Skybox_Environment_Mapping", "5-11CubeMaps_Skybox_Environment_Mapping\5-11CubeMaps_Skybox_Environment_Mapping.vcxproj", "{A40F8A1A-A072-4388-B85B-00A6F88F3C00}"
EndProject
Project("{8BC9CEB8-8B4A-11D0-8D11-00A0C91BC942}") = "5-12CubeMaps_Skybox_Environment_Mapping2", "5-12CubeMaps_Skybox_Environment_Mapping2\5-12CubeMaps_Skybox_Environment_Mapping2.vcxproj", "{0F2BE728-B016-41E4-B8E5-CDB0F2B8A544}"
EndProject
Project("{8BC9CEB8-8B4A-11D0-8D11-00A0C91BC942}") = "5-13Advanced_Data", "5-13Advanced_Data\5-13Advanced_Data.vcxproj", "{A253DD58-5461-4263-B1B8-DEA7AC64FBD5}"
EndProject
Project("{8BC9CEB8-8B4A-11D0-8D11-00A0C91BC942}") = "5-14Advanced_GLSL", "5-14Advanced_GLSL\5-14Advanced_GLSL.vcxproj", "{523391ED-6CC7-4FA4-BE1D-680C07C766DC}"
EndProject
Project("{8BC9CEB8-8B4A-11D0-8D11-00A0C91BC942}") = "5-15Advanced_GLSL2", "5-15Advanced_GLSL2\5-15Advanced_GLSL2.vcxproj", "{C2451700-3F65-4972-80A5-1010BCAEF6C7}"
EndProject
Project("{8BC9CEB8-8B4A-11D0-8D11-00A0C91BC942}") = "5-16Advanced_GLSL3_UBO", "5-16Advanced_GLSL3_UBO\5-16Advanced_GLSL3_UBO.vcxproj", "{F8F7A979-559B-49F1-BF1A-1EB49670ADA7}"
EndProject
Project("{8BC9CEB8-8B4A-11D0-8D11-00A0C91BC942}") = "5-17Geometry_Shader_House", "5-17Geometry_Shader_House\5-17Geometry_Shader_House.vcxproj", "{42FF5C8A-D2C4-41D9-B2F9-80E2397ACA37}"
EndProject
Project("{8BC9CEB8-8B4A-11D0-8D11-00A0C91BC942}") = "5-18Geometry_Shader_Exploding", "5-18Geometry_Shader_Exploding\5-18Geometry_Shader_Exploding.vcxproj", "{EE503CFB-4266-4726-90F9-0BA9B2CA2724}"
EndProject
Project("{8BC9CEB8-8B4A-11D0-8D11-00A0C91BC942}") = "5-19Geometry_Shader_Normals", "5-19Geometry_Shader_Normals\5-19Geometry_Shader_Normals.vcxproj", "{A87D391C-F418-4F87-A48C-7DD058B5673B}"
EndProject
Project("{8BC9CEB8-8B4A-11D0-8D11-00A0C91BC942}") = "5-20Instanceing_Quadrangle", "5-20Instanceing_Quadrangle\5-20Instanceing_Quadrangle.vcxproj", "{508EA79C-EB94-403B-A494-E84CC3953A7C}"
EndProject
Project("{8BC9CEB8-8B4A-11D0-8D11-00A0C91BC942}") = "5-21Instanceing_Asteroids", "5-21Instanceing_Asteroids\5-21Instanceing_Asteroids.vcxproj", "{993213DD-7517-4EBB-9FDD-B906EBB6E230}"
EndProject
Project("{8BC9CEB8-8B4A-11D0-8D11-00A0C91BC942}") = "5-22Instanceing_Asteroids_Evenmore", "5-22Instanceing_Asteroids_Evenmore\5-22Instanceing_Asteroids_Evenmore.vcxproj", "{F43ECC46-9F9D-4117-9DAB-D86AFEF2035C}"
EndProject
Project("{8BC9CEB8-8B4A-11D0-8D11-00A0C91BC942}") = "5-23Anti Aliasing_MSAA", "5-23Anti Aliasing_MSAA\5-23Anti Aliasing_MSAA.vcxproj", "{C2CA699A-603E-47E8-974B-38084D5B84DE}"
EndProject
Project("{8BC9CEB8-8B4A-11D0-8D11-00A0C91BC942}") = "5-24Anti Aliasing_MSAA_Offscreen", "5-24Anti Aliasing_MSAA_Offscreen\5-24Anti Aliasing_MSAA_Offscreen.vcxproj", "{B1193E10-C786-4DB9-AE05-B589A835E417}"
EndProject
Project("{8BC9CEB8-8B4A-11D0-8D11-00A0C91BC942}") = "6-01Advanced Lighting", "6-01Advanced Lighting\6-01Advanced Lighting.vcxproj", "{649BCCD3-103B-4156-909D-1A435A6BD247}"
EndProject
Project("{8BC9CEB8-8B4A-11D0-8D11-00A0C91BC942}") = "6-02Gamma Correction", "6-02Gamma Correction\6-02Gamma Correction.vcxproj", "{3A5ACF4D-E1C1-4286-93E0-657F1D431A88}"
EndProject
Project("{8BC9CEB8-8B4A-11D0-8D11-00A0C91BC942}") = "6-03Shadow Mapping_Depth Mapping", "6-03Shadow Mapping_Depth Mapping\6-03Shadow Mapping_Depth Mapping.vcxproj", "{540FA2AB-1D75-4090-BEE3-C56CCC9D013D}"
EndProject
Project("{8BC9CEB8-8B4A-11D0-8D11-00A0C91BC942}") = "6-04Shadow Mapping_Shadow", "6-04Shadow Mapping_Shadow\6-04Shadow Mapping_Shadow.vcxproj", "{2D251C9A-128F-4D42-9FA9-905591AC6DFF}"
EndProject
Project("{8BC9CEB8-8B4A-11D0-8D11-00A0C91BC942}") = "6-05Shadow Mapping", "6-05Shadow Mapping\6-05Shadow Mapping.vcxproj", "{2787EF87-6E91-428F-980B-0BF258BD9B27}"
EndProject
Project("{8BC9CEB8-8B4A-11D0-8D11-00A0C91BC942}") = "6-06Point Shadows", "6-06Point Shadows\6-06Point Shadows.vcxproj", "{087EB372-20F4-46CD-8AEE-9E16B70D9823}"
EndProject
Project("{8BC9CEB8-8B4A-11D0-8D11-00A0C91BC942}") = "6-07Point Shadows_PCF", "6-07Point Shadows_PCF\6-07Point Shadows_PCF.vcxproj", "{019BC9A3-5946-41B7-AE55-A81349BC7717}"
EndProject
Project("{8BC9CEB8-8B4A-11D0-8D11-00A0C91BC942}") = "6-08Normal Mapping", "6-08Normal Mapping\6-08Normal Mapping.vcxproj", "{8D3234ED-671B-47E0-9303-E4D54BC73C17}"
EndProject
Project("{8BC9CEB8-8B4A-11D0-8D11-00A0C91BC942}") = "6-09Parallax Mapping", "6-09Parallax Mapping\6-09Parallax Mapping.vcxproj", "{75F214E5-7308-45A7-B50C-DF9715BEE69F}"
EndProject
Project("{8BC9CEB8-8B4A-11D0-8D11-00A0C91BC942}") = "6-10Parallax Mapping_Steep", "6-10Parallax Mapping_Steep\6-10Parallax Mapping_Steep.vcxproj", "{0B275088-1885-494E-9DFB-26F06A02886E}"
EndProject
Project("{8BC9CEB8-8B4A-11D0-8D11-00A0C91BC942}") = "6-11Parallax Mapping_Occlusion", "6-11Parallax Mapping_Occlusion\6-11Parallax Mapping_Occlusion.vcxproj", "{8893304A-92AA-42E7-9F83-C545D5A9446E}"
EndProject
Project("{8BC9CEB8-8B4A-11D0-8D11-00A0C91BC942}") = "6-12HDR", "6-12HDR\6-12HDR.vcxproj", "{C9045AE4-8E6A-4362-A91B-5A358D2DA4D3}"
EndProject
Project("{8BC9CEB8-8B4A-11D0-8D11-00A0C91BC942}") = "6-13Bloom", "6-13Bloom\6-13Bloom.vcxproj", "{5BEF4FA2-F92A-4F22-B67A-5137D23220CC}"
EndProject
Project("{8BC9CEB8-8B4A-11D0-8D11-00A0C91BC942}") = "6-14Deferred Shading", "6-14Deferred Shading\6-14Deferred Shading.vcxproj", "{9402EF15-1033-40C1-8326-C13FF9BE5500}"
EndProject
Project("{8BC9CEB8-8B4A-11D0-8D11-00A0C91BC942}") = "6-15Deferred Shading_Light Volumes", "6-15Deferred Shading_Light Volumes\6-15Deferred Shading_Light Volumes.vcxproj", "{C6DD0E6A-9CA9-4444-B658-152BDF2DA323}"
EndProject
Project("{8BC9CEB8-8B4A-11D0-8D11-00A0C91BC942}") = "6-16SSAO", "6-16SSAO\6-16SSAO.vcxproj", "{A94DC569-1124-45D5-9FE2-AC622F6130A8}"
EndProject
Global
	GlobalSection(SolutionConfigurationPlatforms) = preSolution
		Debug|x64 = Debug|x64
		Debug|x86 = Debug|x86
		Release|x64 = Release|x64
		Release|x86 = Release|x86
	EndGlobalSection
	GlobalSection(ProjectConfigurationPlatforms) = postSolution
		{E1937124-82C9-4FE1-8E24-D3520C69B38B}.Debug|x64.ActiveCfg = Debug|x64
		{E1937124-82C9-4FE1-8E24-D3520C69B38B}.Debug|x64.Build.0 = Debug|x64
		{E1937124-82C9-4FE1-8E24-D3520C69B38B}.Debug|x86.ActiveCfg = Debug|Win32
		{E1937124-82C9-4FE1-8E24-D3520C69B38B}.Debug|x86.Build.0 = Debug|Win32
		{E1937124-82C9-4FE1-8E24-D3520C69B38B}.Release|x64.ActiveCfg = Release|x64
		{E1937124-82C9-4FE1-8E24-D3520C69B38B}.Release|x64.Build.0 = Release|x64
		{E1937124-82C9-4FE1-8E24-D3520C69B38B}.Release|x86.ActiveCfg = Release|Win32
		{E1937124-82C9-4FE1-8E24-D3520C69B38B}.Release|x86.Build.0 = Release|Win32
		{2E4AD33D-48F4-40E3-9D48-5B65B2A771C4}.Debug|x64.ActiveCfg = Debug|x64
		{2E4AD33D-48F4-40E3-9D48-5B65B2A771C4}.Debug|x64.Build.0 = Debug|x64
		{2E4AD33D-48F4-40E3-9D48-5B65B2A771C4}.Debug|x86.ActiveCfg = Debug|Win32
		{2E4AD33D-48F4-40E3-9D48-5B65B2A771C4}.Debug|x86.Build.0 = Debug|Win32
		{2E4AD33D-48F4-40E3-9D48-5B65B2A771C4}.Release|x64.ActiveCfg = Release|x64
		{2E4AD33D-48F4-40E3-9D48-5B65B2A771C4}.Release|x64.Build.0 = Release|x64
		{2E4AD33D-48F4-40E3-9D48-5B65B2A771C4}.Release|x86.ActiveCfg = Release|Win32
		{2E4AD33D-48F4-40E3-9D48-5B65B2A771C4}.Release|x86.Build.0 = Release|Win32
		{1C4B3EB2-5B6A-4619-8F4B-74E1BB69C1D5}.Debug|x64.ActiveCfg = Debug|x64
		{1C4B3EB2-5B6A-4619-8F4B-74E1BB69C1D5}.Debug|x64.Build.0 = Debug|x64
		{1C4B3EB2-5B6A-4619-8F4B-74E1BB69C1D5}.Debug|x86.ActiveCfg = Debug|Win32
		{1C4B3EB2-5B6A-4619-8F4B-74E1BB69C1D5}.Debug|x86.Build.0 = Debug|Win32
		{1C4B3EB2-5B6A-4619-8F4B-74E1BB69C1D5}.Release|x64.ActiveCfg = Release|x64
		{1C4B3EB2-5B6A-4619-8F4B-74E1BB69C1D5}.Release|x64.Build.0 = Release|x64
		{1C4B3EB2-5B6A-4619-8F4B-74E1BB69C1D5}.Release|x86.ActiveCfg = Release|Win32
		{1C4B3EB2-5B6A-4619-8F4B-74E1BB69C1D5}.Release|x86.Build.0 = Release|Win32
		{28C30FEF-549B-41DF-802C-C99F7C423A5B}.Debug|x64.ActiveCfg = Debug|x64
		{28C30FEF-549B-41DF-802C-C99F7C423A5B}.Debug|x64.Build.0 = Debug|x64
		{28C30FEF-549B-41DF-802C-C99F7C423A5B}.Debug|x86.ActiveCfg = Debug|Win32
		{28C30FEF-549B-41DF-802C-C99F7C423A5B}.Debug|x86.Build.0 = Debug|Win32
		{28C30FEF-549B-41DF-802C-C99F7C423A5B}.Release|x64.ActiveCfg = Release|x64
		{28C30FEF-549B-41DF-802C-C99F7C423A5B}.Release|x64.Build.0 = Release|x64
		{28C30FEF-549B-41DF-802C-C99F7C423A5B}.Release|x86.ActiveCfg = Release|Win32
		{28C30FEF-549B-41DF-802C-C99F7C423A5B}.Release|x86.Build.0 = Release|Win32
		{B035EBED-E347-4E89-B2F7-C133282729B6}.Debug|x64.ActiveCfg = Debug|x64
		{B035EBED-E347-4E89-B2F7-C133282729B6}.Debug|x64.Build.0 = Debug|x64
		{B035EBED-E347-4E89-B2F7-C133282729B6}.Debug|x86.ActiveCfg = Debug|Win32
		{B035EBED-E347-4E89-B2F7-C133282729B6}.Debug|x86.Build.0 = Debug|Win32
		{B035EBED-E347-4E89-B2F7-C133282729B6}.Release|x64.ActiveCfg = Release|x64
		{B035EBED-E347-4E89-B2F7-C133282729B6}.Release|x64.Build.0 = Release|x64
		{B035EBED-E347-4E89-B2F7-C133282729B6}.Release|x86.ActiveCfg = Release|Win32
		{B035EBED-E347-4E89-B2F7-C133282729B6}.Release|x86.Build.0 = Release|Win32
		{544A0E67-9DE0-40C9-BBCB-9A7C017FC46C}.Debug|x64.ActiveCfg = Debug|x64
		{544A0E67-9DE0-40C9-BBCB-9A7C017FC46C}.Debug|x64.Build.0 = Debug|x64
		{544A0E67-9DE0-40C9-BBCB-9A7C017FC46C}.Debug|x86.ActiveCfg = Debug|Win32
		{544A0E67-9DE0-40C9-BBCB-9A7C017FC46C}.Debug|x86.Build.0 = Debug|Win32
		{544A0E67-9DE0-40C9-BBCB-9A7C017FC46C}.Release|x64.ActiveCfg = Release|x64
		{544A0E67-9DE0-40C9-BBCB-9A7C017FC46C}.Release|x64.Build.0 = Release|x64
		{544A0E67-9DE0-40C9-BBCB-9A7C017FC46C}.Release|x86.ActiveCfg = Release|Win32
		{544A0E67-9DE0-40C9-BBCB-9A7C017FC46C}.Release|x86.Build.0 = Release|Win32
		{3236CFAB-0CB6-45FB-8A95-606250C641C1}.Debug|x64.ActiveCfg = Debug|x64
		{3236CFAB-0CB6-45FB-8A95-606250C641C1}.Debug|x64.Build.0 = Debug|x64
		{3236CFAB-0CB6-45FB-8A95-606250C641C1}.Debug|x86.ActiveCfg = Debug|Win32
		{3236CFAB-0CB6-45FB-8A95-606250C641C1}.Debug|x86.Build.0 = Debug|Win32
		{3236CFAB-0CB6-45FB-8A95-606250C641C1}.Release|x64.ActiveCfg = Release|x64
		{3236CFAB-0CB6-45FB-8A95-606250C641C1}.Release|x64.Build.0 = Release|x64
		{3236CFAB-0CB6-45FB-8A95-606250C641C1}.Release|x86.ActiveCfg = Release|Win32
		{3236CFAB-0CB6-45FB-8A95-606250C641C1}.Release|x86.Build.0 = Release|Win32
		{AFCB593B-C8C1-4D03-9AFD-B49E0407845E}.Debug|x64.ActiveCfg = Debug|x64
		{AFCB593B-C8C1-4D03-9AFD-B49E0407845E}.Debug|x64.Build.0 = Debug|x64
		{AFCB593B-C8C1-4D03-9AFD-B49E0407845E}.Debug|x86.ActiveCfg = Debug|Win32
		{AFCB593B-C8C1-4D03-9AFD-B49E0407845E}.Debug|x86.Build.0 = Debug|Win32
		{AFCB593B-C8C1-4D03-9AFD-B49E0407845E}.Release|x64.ActiveCfg = Release|x64
		{AFCB593B-C8C1-4D03-9AFD-B49E0407845E}.Release|x64.Build.0 = Release|x64
		{AFCB593B-C8C1-4D03-9AFD-B49E0407845E}.Release|x86.ActiveCfg = Release|Win32
		{AFCB593B-C8C1-4D03-9AFD-B49E0407845E}.Release|x86.Build.0 = Release|Win32
		{CC6938AD-FC87-488D-948F-845279A083F1}.Debug|x64.ActiveCfg = Debug|x64
		{CC6938AD-FC87-488D-948F-845279A083F1}.Debug|x64.Build.0 = Debug|x64
		{CC6938AD-FC87-488D-948F-845279A083F1}.Debug|x86.ActiveCfg = Debug|Win32
		{CC6938AD-FC87-488D-948F-845279A083F1}.Debug|x86.Build.0 = Debug|Win32
		{CC6938AD-FC87-488D-948F-845279A083F1}.Release|x64.ActiveCfg = Release|x64
		{CC6938AD-FC87-488D-948F-845279A083F1}.Release|x64.Build.0 = Release|x64
		{CC6938AD-FC87-488D-948F-845279A083F1}.Release|x86.ActiveCfg = Release|Win32
		{CC6938AD-FC87-488D-948F-845279A083F1}.Release|x86.Build.0 = Release|Win32
		{10A45D0E-2D51-496F-A5C2-A0FA7FC01B50}.Debug|x64.ActiveCfg = Debug|x64
		{10A45D0E-2D51-496F-A5C2-A0FA7FC01B50}.Debug|x64.Build.0 = Debug|x64
		{10A45D0E-2D51-496F-A5C2-A0FA7FC01B50}.Debug|x86.ActiveCfg = Debug|Win32
		{10A45D0E-2D51-496F-A5C2-A0FA7FC01B50}.Debug|x86.Build.0 = Debug|Win32
		{10A45D0E-2D51-496F-A5C2-A0FA7FC01B50}.Release|x64.ActiveCfg = Release|x64
		{10A45D0E-2D51-496F-A5C2-A0FA7FC01B50}.Release|x64.Build.0 = Release|x64
		{10A45D0E-2D51-496F-A5C2-A0FA7FC01B50}.Release|x86.ActiveCfg = Release|Win32
		{10A45D0E-2D51-496F-A5C2-A0FA7FC01B50}.Release|x86.Build.0 = Release|Win32
		{364AA2D9-F2BE-4D77-A96C-987C2E3F886D}.Debug|x64.ActiveCfg = Debug|x64
		{364AA2D9-F2BE-4D77-A96C-987C2E3F886D}.Debug|x64.Build.0 = Debug|x64
		{364AA2D9-F2BE-4D77-A96C-987C2E3F886D}.Debug|x86.ActiveCfg = Debug|Win32
		{364AA2D9-F2BE-4D77-A96C-987C2E3F886D}.Debug|x86.Build.0 = Debug|Win32
		{364AA2D9-F2BE-4D77-A96C-987C2E3F886D}.Release|x64.ActiveCfg = Release|x64
		{364AA2D9-F2BE-4D77-A96C-987C2E3F886D}.Release|x64.Build.0 = Release|x64
		{364AA2D9-F2BE-4D77-A96C-987C2E3F886D}.Release|x86.ActiveCfg = Release|Win32
		{364AA2D9-F2BE-4D77-A96C-987C2E3F886D}.Release|x86.Build.0 = Release|Win32
		{68660AA0-8C01-491A-B37B-9C86C4289AF3}.Debug|x64.ActiveCfg = Debug|x64
		{68660AA0-8C01-491A-B37B-9C86C4289AF3}.Debug|x64.Build.0 = Debug|x64
		{68660AA0-8C01-491A-B37B-9C86C4289AF3}.Debug|x86.ActiveCfg = Debug|Win32
		{68660AA0-8C01-491A-B37B-9C86C4289AF3}.Debug|x86.Build.0 = Debug|Win32
		{68660AA0-8C01-491A-B37B-9C86C4289AF3}.Release|x64.ActiveCfg = Release|x64
		{68660AA0-8C01-491A-B37B-9C86C4289AF3}.Release|x64.Build.0 = Release|x64
		{68660AA0-8C01-491A-B37B-9C86C4289AF3}.Release|x86.ActiveCfg = Release|Win32
		{68660AA0-8C01-491A-B37B-9C86C4289AF3}.Release|x86.Build.0 = Release|Win32
		{912B9D3C-9956-4D60-90CB-0EF3CC702F8C}.Debug|x64.ActiveCfg = Debug|x64
		{912B9D3C-9956-4D60-90CB-0EF3CC702F8C}.Debug|x64.Build.0 = Debug|x64
		{912B9D3C-9956-4D60-90CB-0EF3CC702F8C}.Debug|x86.ActiveCfg = Debug|Win32
		{912B9D3C-9956-4D60-90CB-0EF3CC702F8C}.Debug|x86.Build.0 = Debug|Win32
		{912B9D3C-9956-4D60-90CB-0EF3CC702F8C}.Release|x64.ActiveCfg = Release|x64
		{912B9D3C-9956-4D60-90CB-0EF3CC702F8C}.Release|x64.Build.0 = Release|x64
		{912B9D3C-9956-4D60-90CB-0EF3CC702F8C}.Release|x86.ActiveCfg = Release|Win32
		{912B9D3C-9956-4D60-90CB-0EF3CC702F8C}.Release|x86.Build.0 = Release|Win32
		{F9816C5E-DF27-42F0-AE22-E778546BAC9F}.Debug|x64.ActiveCfg = Debug|x64
		{F9816C5E-DF27-42F0-AE22-E778546BAC9F}.Debug|x64.Build.0 = Debug|x64
		{F9816C5E-DF27-42F0-AE22-E778546BAC9F}.Debug|x86.ActiveCfg = Debug|Win32
		{F9816C5E-DF27-42F0-AE22-E778546BAC9F}.Debug|x86.Build.0 = Debug|Win32
		{F9816C5E-DF27-42F0-AE22-E778546BAC9F}.Release|x64.ActiveCfg = Release|x64
		{F9816C5E-DF27-42F0-AE22-E778546BAC9F}.Release|x64.Build.0 = Release|x64
		{F9816C5E-DF27-42F0-AE22-E778546BAC9F}.Release|x86.ActiveCfg = Release|Win32
		{F9816C5E-DF27-42F0-AE22-E778546BAC9F}.Release|x86.Build.0 = Release|Win32
		{0552952C-3213-4C49-B7EA-64BC4097F258}.Debug|x64.ActiveCfg = Debug|x64
		{0552952C-3213-4C49-B7EA-64BC4097F258}.Debug|x64.Build.0 = Debug|x64
		{0552952C-3213-4C49-B7EA-64BC4097F258}.Debug|x86.ActiveCfg = Debug|Win32
		{0552952C-3213-4C49-B7EA-64BC4097F258}.Debug|x86.Build.0 = Debug|Win32
		{0552952C-3213-4C49-B7EA-64BC4097F258}.Release|x64.ActiveCfg = Release|x64
		{0552952C-3213-4C49-B7EA-64BC4097F258}.Release|x64.Build.0 = Release|x64
		{0552952C-3213-4C49-B7EA-64BC4097F258}.Release|x86.ActiveCfg = Release|Win32
		{0552952C-3213-4C49-B7EA-64BC4097F258}.Release|x86.Build.0 = Release|Win32
		{A97D272B-1B1E-4D7F-8DA7-0AC843B7716D}.Debug|x64.ActiveCfg = Debug|x64
		{A97D272B-1B1E-4D7F-8DA7-0AC843B7716D}.Debug|x64.Build.0 = Debug|x64
		{A97D272B-1B1E-4D7F-8DA7-0AC843B7716D}.Debug|x86.ActiveCfg = Debug|Win32
		{A97D272B-1B1E-4D7F-8DA7-0AC843B7716D}.Debug|x86.Build.0 = Debug|Win32
		{A97D272B-1B1E-4D7F-8DA7-0AC843B7716D}.Release|x64.ActiveCfg = Release|x64
		{A97D272B-1B1E-4D7F-8DA7-0AC843B7716D}.Release|x64.Build.0 = Release|x64
		{A97D272B-1B1E-4D7F-8DA7-0AC843B7716D}.Release|x86.ActiveCfg = Release|Win32
		{A97D272B-1B1E-4D7F-8DA7-0AC843B7716D}.Release|x86.Build.0 = Release|Win32
		{7D5664F9-F08C-424E-B1B8-8170FE2DC5A5}.Debug|x64.ActiveCfg = Debug|x64
		{7D5664F9-F08C-424E-B1B8-8170FE2DC5A5}.Debug|x64.Build.0 = Debug|x64
		{7D5664F9-F08C-424E-B1B8-8170FE2DC5A5}.Debug|x86.ActiveCfg = Debug|Win32
		{7D5664F9-F08C-424E-B1B8-8170FE2DC5A5}.Debug|x86.Build.0 = Debug|Win32
		{7D5664F9-F08C-424E-B1B8-8170FE2DC5A5}.Release|x64.ActiveCfg = Release|x64
		{7D5664F9-F08C-424E-B1B8-8170FE2DC5A5}.Release|x64.Build.0 = Release|x64
		{7D5664F9-F08C-424E-B1B8-8170FE2DC5A5}.Release|x86.ActiveCfg = Release|Win32
		{7D5664F9-F08C-424E-B1B8-8170FE2DC5A5}.Release|x86.Build.0 = Release|Win32
		{079DB313-7587-47B8-99A6-63F51749CC97}.Debug|x64.ActiveCfg = Debug|x64
		{079DB313-7587-47B8-99A6-63F51749CC97}.Debug|x64.Build.0 = Debug|x64
		{079DB313-7587-47B8-99A6-63F51749CC97}.Debug|x86.ActiveCfg = Debug|Win32
		{079DB313-7587-47B8-99A6-63F51749CC97}.Debug|x86.Build.0 = Debug|Win32
		{079DB313-7587-47B8-99A6-63F51749CC97}.Release|x64.ActiveCfg = Release|x64
		{079DB313-7587-47B8-99A6-63F51749CC97}.Release|x64.Build.0 = Release|x64
		{079DB313-7587-47B8-99A6-63F51749CC97}.Release|x86.ActiveCfg = Release|Win32
		{079DB313-7587-47B8-99A6-63F51749CC97}.Release|x86.Build.0 = Release|Win32
		{044B46E0-CDB7-4987-9D9C-D117CB6D6D0F}.Debug|x64.ActiveCfg = Debug|x64
		{044B46E0-CDB7-4987-9D9C-D117CB6D6D0F}.Debug|x64.Build.0 = Debug|x64
		{044B46E0-CDB7-4987-9D9C-D117CB6D6D0F}.Debug|x86.ActiveCfg = Debug|Win32
		{044B46E0-CDB7-4987-9D9C-D117CB6D6D0F}.Debug|x86.Build.0 = Debug|Win32
		{044B46E0-CDB7-4987-9D9C-D117CB6D6D0F}.Release|x64.ActiveCfg = Release|x64
		{044B46E0-CDB7-4987-9D9C-D117CB6D6D0F}.Release|x64.Build.0 = Release|x64
		{044B46E0-CDB7-4987-9D9C-D117CB6D6D0F}.Release|x86.ActiveCfg = Release|Win32
		{044B46E0-CDB7-4987-9D9C-D117CB6D6D0F}.Release|x86.Build.0 = Release|Win32
		{C00F5FC1-4293-4505-A66F-357F1A61008D}.Debug|x64.ActiveCfg = Debug|x64
		{C00F5FC1-4293-4505-A66F-357F1A61008D}.Debug|x64.Build.0 = Debug|x64
		{C00F5FC1-4293-4505-A66F-357F1A61008D}.Debug|x86.ActiveCfg = Debug|Win32
		{C00F5FC1-4293-4505-A66F-357F1A61008D}.Debug|x86.Build.0 = Debug|Win32
		{C00F5FC1-4293-4505-A66F-357F1A61008D}.Release|x64.ActiveCfg = Release|x64
		{C00F5FC1-4293-4505-A66F-357F1A61008D}.Release|x64.Build.0 = Release|x64
		{C00F5FC1-4293-4505-A66F-357F1A61008D}.Release|x86.ActiveCfg = Release|Win32
		{C00F5FC1-4293-4505-A66F-357F1A61008D}.Release|x86.Build.0 = Release|Win32
		{621E9729-5066-45D4-92CE-E6434C2A33C1}.Debug|x64.ActiveCfg = Debug|x64
		{621E9729-5066-45D4-92CE-E6434C2A33C1}.Debug|x64.Build.0 = Debug|x64
		{621E9729-5066-45D4-92CE-E6434C2A33C1}.Debug|x86.ActiveCfg = Debug|Win32
		{621E9729-5066-45D4-92CE-E6434C2A33C1}.Debug|x86.Build.0 = Debug|Win32
		{621E9729-5066-45D4-92CE-E6434C2A33C1}.Release|x64.ActiveCfg = Release|x64
		{621E9729-5066-45D4-92CE-E6434C2A33C1}.Release|x64.Build.0 = Release|x64
		{621E9729-5066-45D4-92CE-E6434C2A33C1}.Release|x86.ActiveCfg = Release|Win32
		{621E9729-5066-45D4-92CE-E6434C2A33C1}.Release|x86.Build.0 = Release|Win32
		{EF4841F5-5FC3-4B7D-BCE4-B47897D1DF0C}.Debug|x64.ActiveCfg = Debug|x64
		{EF4841F5-5FC3-4B7D-BCE4-B47897D1DF0C}.Debug|x64.Build.0 = Debug|x64
		{EF4841F5-5FC3-4B7D-BCE4-B47897D1DF0C}.Debug|x86.ActiveCfg = Debug|Win32
		{EF4841F5-5FC3-4B7D-BCE4-B47897D1DF0C}.Debug|x86.Build.0 = Debug|Win32
		{EF4841F5-5FC3-4B7D-BCE4-B47897D1DF0C}.Release|x64.ActiveCfg = Release|x64
		{EF4841F5-5FC3-4B7D-BCE4-B47897D1DF0C}.Release|x64.Build.0 = Release|x64
		{EF4841F5-5FC3-4B7D-BCE4-B47897D1DF0C}.Release|x86.ActiveCfg = Release|Win32
		{EF4841F5-5FC3-4B7D-BCE4-B47897D1DF0C}.Release|x86.Build.0 = Release|Win32
		{7A8CB476-E6BE-440D-A97C-3F8449463CEE}.Debug|x64.ActiveCfg = Debug|x64
		{7A8CB476-E6BE-440D-A97C-3F8449463CEE}.Debug|x64.Build.0 = Debug|x64
		{7A8CB476-E6BE-440D-A97C-3F8449463CEE}.Debug|x86.ActiveCfg = Debug|Win32
		{7A8CB476-E6BE-440D-A97C-3F8449463CEE}.Debug|x86.Build.0 = Debug|Win32
		{7A8CB476-E6BE-440D-A97C-3F8449463CEE}.Release|x64.ActiveCfg = Release|x64
		{7A8CB476-E6BE-440D-A97C-3F8449463CEE}.Release|x64.Build.0 = Release|x64
		{7A8CB476-E6BE-440D-A97C-3F8449463CEE}.Release|x86.ActiveCfg = Release|Win32
		{7A8CB476-E6BE-440D-A97C-3F8449463CEE}.Release|x86.Build.0 = Release|Win32
		{B452D0C7-8085-4A48-8DF7-71188457DB8F}.Debug|x64.ActiveCfg = Debug|x64
		{B452D0C7-8085-4A48-8DF7-71188457DB8F}.Debug|x64.Build.0 = Debug|x64
		{B452D0C7-8085-4A48-8DF7-71188457DB8F}.Debug|x86.ActiveCfg = Debug|Win32
		{B452D0C7-8085-4A48-8DF7-71188457DB8F}.Debug|x86.Build.0 = Debug|Win32
		{B452D0C7-8085-4A48-8DF7-71188457DB8F}.Release|x64.ActiveCfg = Release|x64
		{B452D0C7-8085-4A48-8DF7-71188457DB8F}.Release|x64.Build.0 = Release|x64
		{B452D0C7-8085-4A48-8DF7-71188457DB8F}.Release|x86.ActiveCfg = Release|Win32
		{B452D0C7-8085-4A48-8DF7-71188457DB8F}.Release|x86.Build.0 = Release|Win32
		{4C672566-33F4-466E-8085-7741A11935D2}.Debug|x64.ActiveCfg = Debug|x64
		{4C672566-33F4-466E-8085-7741A11935D2}.Debug|x64.Build.0 = Debug|x64
		{4C672566-33F4-466E-8085-7741A11935D2}.Debug|x86.ActiveCfg = Debug|Win32
		{4C672566-33F4-466E-8085-7741A11935D2}.Debug|x86.Build.0 = Debug|Win32
		{4C672566-33F4-466E-8085-7741A11935D2}.Release|x64.ActiveCfg = Release|x64
		{4C672566-33F4-466E-8085-7741A11935D2}.Release|x64.Build.0 = Release|x64
		{4C672566-33F4-466E-8085-7741A11935D2}.Release|x86.ActiveCfg = Release|Win32
		{4C672566-33F4-466E-8085-7741A11935D2}.Release|x86.Build.0 = Release|Win32
		{DB543955-D1FB-4750-80E0-15B0C8BF627F}.Debug|x64.ActiveCfg = Debug|x64
		{DB543955-D1FB-4750-80E0-15B0C8BF627F}.Debug|x64.Build.0 = Debug|x64
		{DB543955-D1FB-4750-80E0-15B0C8BF627F}.Debug|x86.ActiveCfg = Debug|Win32
		{DB543955-D1FB-4750-80E0-15B0C8BF627F}.Debug|x86.Build.0 = Debug|Win32
		{DB543955-D1FB-4750-80E0-15B0C8BF627F}.Release|x64.ActiveCfg = Release|x64
		{DB543955-D1FB-4750-80E0-15B0C8BF627F}.Release|x64.Build.0 = Release|x64
		{DB543955-D1FB-4750-80E0-15B0C8BF627F}.Release|x86.ActiveCfg = Release|Win32
		{DB543955-D1FB-4750-80E0-15B0C8BF627F}.Release|x86.Build.0 = Release|Win32
		{582C1C1A-53CF-4C13-9080-56A92196EF4B}.Debug|x64.ActiveCfg = Debug|x64
		{582C1C1A-53CF-4C13-9080-56A92196EF4B}.Debug|x64.Build.0 = Debug|x64
		{582C1C1A-53CF-4C13-9080-56A92196EF4B}.Debug|x86.ActiveCfg = Debug|Win32
		{582C1C1A-53CF-4C13-9080-56A92196EF4B}.Debug|x86.Build.0 = Debug|Win32
		{582C1C1A-53CF-4C13-9080-56A92196EF4B}.Release|x64.ActiveCfg = Release|x64
		{582C1C1A-53CF-4C13-9080-56A92196EF4B}.Release|x64.Build.0 = Release|x64
		{582C1C1A-53CF-4C13-9080-56A92196EF4B}.Release|x86.ActiveCfg = Release|Win32
		{582C1C1A-53CF-4C13-9080-56A92196EF4B}.Release|x86.Build.0 = Release|Win32
		{48B311A3-12BB-426A-A800-695161747B41}.Debug|x64.ActiveCfg = Debug|x64
		{48B311A3-12BB-426A-A800-695161747B41}.Debug|x64.Build.0 = Debug|x64
		{48B311A3-12BB-426A-A800-695161747B41}.Debug|x86.ActiveCfg = Debug|Win32
		{48B311A3-12BB-426A-A800-695161747B41}.Debug|x86.Build.0 = Debug|Win32
		{48B311A3-12BB-426A-A800-695161747B41}.Release|x64.ActiveCfg = Release|x64
		{48B311A3-12BB-426A-A800-695161747B41}.Release|x64.Build.0 = Release|x64
		{48B311A3-12BB-426A-A800-695161747B41}.Release|x86.ActiveCfg = Release|Win32
		{48B311A3-12BB-426A-A800-695161747B41}.Release|x86.Build.0 = Release|Win32
		{EDE1CECD-CEC5-4C50-A53F-9A7000A67B43}.Debug|x64.ActiveCfg = Debug|x64
		{EDE1CECD-CEC5-4C50-A53F-9A7000A67B43}.Debug|x64.Build.0 = Debug|x64
		{EDE1CECD-CEC5-4C50-A53F-9A7000A67B43}.Debug|x86.ActiveCfg = Debug|Win32
		{EDE1CECD-CEC5-4C50-A53F-9A7000A67B43}.Debug|x86.Build.0 = Debug|Win32
		{EDE1CECD-CEC5-4C50-A53F-9A7000A67B43}.Release|x64.ActiveCfg = Release|x64
		{EDE1CECD-CEC5-4C50-A53F-9A7000A67B43}.Release|x64.Build.0 = Release|x64
		{EDE1CECD-CEC5-4C50-A53F-9A7000A67B43}.Release|x86.ActiveCfg = Release|Win32
		{EDE1CECD-CEC5-4C50-A53F-9A7000A67B43}.Release|x86.Build.0 = Release|Win32
		{9A852004-C7D4-461C-BDC5-E085F2E66E3B}.Debug|x64.ActiveCfg = Debug|x64
		{9A852004-C7D4-461C-BDC5-E085F2E66E3B}.Debug|x64.Build.0 = Debug|x64
		{9A852004-C7D4-461C-BDC5-E085F2E66E3B}.Debug|x86.ActiveCfg = Debug|Win32
		{9A852004-C7D4-461C-BDC5-E085F2E66E3B}.Debug|x86.Build.0 = Debug|Win32
		{9A852004-C7D4-461C-BDC5-E085F2E66E3B}.Release|x64.ActiveCfg = Release|x64
		{9A852004-C7D4-461C-BDC5-E085F2E66E3B}.Release|x64.Build.0 = Release|x64
		{9A852004-C7D4-461C-BDC5-E085F2E66E3B}.Release|x86.ActiveCfg = Release|Win32
		{9A852004-C7D4-461C-BDC5-E085F2E66E3B}.Release|x86.Build.0 = Release|Win32
		{59746E7B-3C61-42D4-BC9F-20A481640950}.Debug|x64.ActiveCfg = Debug|x64
		{59746E7B-3C61-42D4-BC9F-20A481640950}.Debug|x64.Build.0 = Debug|x64
		{59746E7B-3C61-42D4-BC9F-20A481640950}.Debug|x86.ActiveCfg = Debug|Win32
		{59746E7B-3C61-42D4-BC9F-20A481640950}.Debug|x86.Build.0 = Debug|Win32
		{59746E7B-3C61-42D4-BC9F-20A481640950}.Release|x64.ActiveCfg = Release|x64
		{59746E7B-3C61-42D4-BC9F-20A481640950}.Release|x64.Build.0 = Release|x64
		{59746E7B-3C61-42D4-BC9F-20A481640950}.Release|x86.ActiveCfg = Release|Win32
		{59746E7B-3C61-42D4-BC9F-20A481640950}.Release|x86.Build.0 = Release|Win32
		{B81E7E33-7DDE-402E-95D7-AC43E0E8AF0B}.Debug|x64.ActiveCfg = Debug|x64
		{B81E7E33-7DDE-402E-95D7-AC43E0E8AF0B}.Debug|x64.Build.0 = Debug|x64
		{B81E7E33-7DDE-402E-95D7-AC43E0E8AF0B}.Debug|x86.ActiveCfg = Debug|Win32
		{B81E7E33-7DDE-402E-95D7-AC43E0E8AF0B}.Debug|x86.Build.0 = Debug|Win32
		{B81E7E33-7DDE-402E-95D7-AC43E0E8AF0B}.Release|x64.ActiveCfg = Release|x64
		{B81E7E33-7DDE-402E-95D7-AC43E0E8AF0B}.Release|x64.Build.0 = Release|x64
		{B81E7E33-7DDE-402E-95D7-AC43E0E8AF0B}.Release|x86.ActiveCfg = Release|Win32
		{B81E7E33-7DDE-402E-95D7-AC43E0E8AF0B}.Release|x86.Build.0 = Release|Win32
		{92B653FD-E12F-4572-8634-FD9B35D41233}.Debug|x64.ActiveCfg = Debug|x64
		{92B653FD-E12F-4572-8634-FD9B35D41233}.Debug|x64.Build.0 = Debug|x64
		{92B653FD-E12F-4572-8634-FD9B35D41233}.Debug|x86.ActiveCfg = Debug|Win32
		{92B653FD-E12F-4572-8634-FD9B35D41233}.Debug|x86.Build.0 = Debug|Win32
		{92B653FD-E12F-4572-8634-FD9B35D41233}.Release|x64.ActiveCfg = Release|x64
		{92B653FD-E12F-4572-8634-FD9B35D41233}.Release|x64.Build.0 = Release|x64
		{92B653FD-E12F-4572-8634-FD9B35D41233}.Release|x86.ActiveCfg = Release|Win32
		{92B653FD-E12F-4572-8634-FD9B35D41233}.Release|x86.Build.0 = Release|Win32
		{5E8F5154-43B1-47E3-956D-C273C571D5B9}.Debug|x64.ActiveCfg = Debug|x64
		{5E8F5154-43B1-47E3-956D-C273C571D5B9}.Debug|x64.Build.0 = Debug|x64
		{5E8F5154-43B1-47E3-956D-C273C571D5B9}.Debug|x86.ActiveCfg = Debug|Win32
		{5E8F5154-43B1-47E3-956D-C273C571D5B9}.Debug|x86.Build.0 = Debug|Win32
		{5E8F5154-43B1-47E3-956D-C273C571D5B9}.Release|x64.ActiveCfg = Release|x64
		{5E8F5154-43B1-47E3-956D-C273C571D5B9}.Release|x64.Build.0 = Release|x64
		{5E8F5154-43B1-47E3-956D-C273C571D5B9}.Release|x86.ActiveCfg = Release|Win32
		{5E8F5154-43B1-47E3-956D-C273C571D5B9}.Release|x86.Build.0 = Release|Win32
		{AF01E775-7F47-4491-8044-330CA97125CC}.Debug|x64.ActiveCfg = Debug|x64
		{AF01E775-7F47-4491-8044-330CA97125CC}.Debug|x64.Build.0 = Debug|x64
		{AF01E775-7F47-4491-8044-330CA97125CC}.Debug|x86.ActiveCfg = Debug|Win32
		{AF01E775-7F47-4491-8044-330CA97125CC}.Debug|x86.Build.0 = Debug|Win32
		{AF01E775-7F47-4491-8044-330CA97125CC}.Release|x64.ActiveCfg = Release|x64
		{AF01E775-7F47-4491-8044-330CA97125CC}.Release|x64.Build.0 = Release|x64
		{AF01E775-7F47-4491-8044-330CA97125CC}.Release|x86.ActiveCfg = Release|Win32
		{AF01E775-7F47-4491-8044-330CA97125CC}.Release|x86.Build.0 = Release|Win32
		{A840BA5C-5C96-4246-A230-13AFBEAB35C0}.Debug|x64.ActiveCfg = Debug|x64
		{A840BA5C-5C96-4246-A230-13AFBEAB35C0}.Debug|x64.Build.0 = Debug|x64
		{A840BA5C-5C96-4246-A230-13AFBEAB35C0}.Debug|x86.ActiveCfg = Debug|Win32
		{A840BA5C-5C96-4246-A230-13AFBEAB35C0}.Debug|x86.Build.0 = Debug|Win32
		{A840BA5C-5C96-4246-A230-13AFBEAB35C0}.Release|x64.ActiveCfg = Release|x64
		{A840BA5C-5C96-4246-A230-13AFBEAB35C0}.Release|x64.Build.0 = Release|x64
		{A840BA5C-5C96-4246-A230-13AFBEAB35C0}.Release|x86.ActiveCfg = Release|Win32
		{A840BA5C-5C96-4246-A230-13AFBEAB35C0}.Release|x86.Build.0 = Release|Win32
		{C31663EA-8C72-4EA8-8647-F4379275B305}.Debug|x64.ActiveCfg = Debug|x64
		{C31663EA-8C72-4EA8-8647-F4379275B305}.Debug|x64.Build.0 = Debug|x64
		{C31663EA-8C72-4EA8-8647-F4379275B305}.Debug|x86.ActiveCfg = Debug|Win32
		{C31663EA-8C72-4EA8-8647-F4379275B305}.Debug|x86.Build.0 = Debug|Win32
		{C31663EA-8C72-4EA8-8647-F4379275B305}.Release|x64.ActiveCfg = Release|x64
		{C31663EA-8C72-4EA8-8647-F4379275B305}.Release|x64.Build.0 = Release|x64
		{C31663EA-8C72-4EA8-8647-F4379275B305}.Release|x86.ActiveCfg = Release|Win32
		{C31663EA-8C72-4EA8-8647-F4379275B305}.Release|x86.Build.0 = Release|Win32
		{29A86D87-A5AA-443E-A431-8B2D775F49FD}.Debug|x64.ActiveCfg = Debug|x64
		{29A86D87-A5AA-443E-A431-8B2D775F49FD}.Debug|x64.Build.0 = Debug|x64
		{29A86D87-A5AA-443E-A431-8B2D775F49FD}.Debug|x86.ActiveCfg = Debug|Win32
		{29A86D87-A5AA-443E-A431-8B2D775F49FD}.Debug|x86.Build.0 = Debug|Win32
		{29A86D87-A5AA-443E-A431-8B2D775F49FD}.Release|x64.ActiveCfg = Release|x64
		{29A86D87-A5AA-443E-A431-8B2D775F49FD}.Release|x64.Build.0 = Release|x64
		{29A86D87-A5AA-443E-A431-8B2D775F49FD}.Release|x86.ActiveCfg = Release|Win32
		{29A86D87-A5AA-443E-A431-8B2D775F49FD}.Release|x86.Build.0 = Release|Win32
		{20EB2346-5CC5-4963-B4DE-FAC64BC8B158}.Debug|x64.ActiveCfg = Debug|x64
		{20EB2346-5CC5-4963-B4DE-FAC64BC8B158}.Debug|x64.Build.0 = Debug|x64
		{20EB2346-5CC5-4963-B4DE-FAC64BC8B158}.Debug|x86.ActiveCfg = Debug|Win32
		{20EB2346-5CC5-4963-B4DE-FAC64BC8B158}.Debug|x86.Build.0 = Debug|Win32
		{20EB2346-5CC5-4963-B4DE-FAC64BC8B158}.Release|x64.ActiveCfg = Release|x64
		{20EB2346-5CC5-4963-B4DE-FAC64BC8B158}.Release|x64.Build.0 = Release|x64
		{20EB2346-5CC5-4963-B4DE-FAC64BC8B158}.Release|x86.ActiveCfg = Release|Win32
		{20EB2346-5CC5-4963-B4DE-FAC64BC8B158}.Release|x86.Build.0 = Release|Win32
		{3FA9500A-B32E-49FA-9AC3-1F1174BE9DD5}.Debug|x64.ActiveCfg = Debug|x64
		{3FA9500A-B32E-49FA-9AC3-1F1174BE9DD5}.Debug|x64.Build.0 = Debug|x64
		{3FA9500A-B32E-49FA-9AC3-1F1174BE9DD5}.Debug|x86.ActiveCfg = Debug|Win32
		{3FA9500A-B32E-49FA-9AC3-1F1174BE9DD5}.Debug|x86.Build.0 = Debug|Win32
		{3FA9500A-B32E-49FA-9AC3-1F1174BE9DD5}.Release|x64.ActiveCfg = Release|x64
		{3FA9500A-B32E-49FA-9AC3-1F1174BE9DD5}.Release|x64.Build.0 = Release|x64
		{3FA9500A-B32E-49FA-9AC3-1F1174BE9DD5}.Release|x86.ActiveCfg = Release|Win32
		{3FA9500A-B32E-49FA-9AC3-1F1174BE9DD5}.Release|x86.Build.0 = Release|Win32
		{86D7581F-A9D4-4692-8978-A3F6644A9FCF}.Debug|x64.ActiveCfg = Debug|x64
		{86D7581F-A9D4-4692-8978-A3F6644A9FCF}.Debug|x64.Build.0 = Debug|x64
		{86D7581F-A9D4-4692-8978-A3F6644A9FCF}.Debug|x86.ActiveCfg = Debug|Win32
		{86D7581F-A9D4-4692-8978-A3F6644A9FCF}.Debug|x86.Build.0 = Debug|Win32
		{86D7581F-A9D4-4692-8978-A3F6644A9FCF}.Release|x64.ActiveCfg = Release|x64
		{86D7581F-A9D4-4692-8978-A3F6644A9FCF}.Release|x64.Build.0 = Release|x64
		{86D7581F-A9D4-4692-8978-A3F6644A9FCF}.Release|x86.ActiveCfg = Release|Win32
		{86D7581F-A9D4-4692-8978-A3F6644A9FCF}.Release|x86.Build.0 = Release|Win32
		{F7F83965-E6F2-45CC-8F3D-44899850EEF9}.Debug|x64.ActiveCfg = Debug|x64
		{F7F83965-E6F2-45CC-8F3D-44899850EEF9}.Debug|x64.Build.0 = Debug|x64
		{F7F83965-E6F2-45CC-8F3D-44899850EEF9}.Debug|x86.ActiveCfg = Debug|Win32
		{F7F83965-E6F2-45CC-8F3D-44899850EEF9}.Debug|x86.Build.0 = Debug|Win32
		{F7F83965-E6F2-45CC-8F3D-44899850EEF9}.Release|x64.ActiveCfg = Release|x64
		{F7F83965-E6F2-45CC-8F3D-44899850EEF9}.Release|x64.Build.0 = Release|x64
		{F7F83965-E6F2-45CC-8F3D-44899850EEF9}.Release|x86.ActiveCfg = Release|Win32
		{F7F83965-E6F2-45CC-8F3D-44899850EEF9}.Release|x86.Build.0 = Release|Win32
		{02F248A1-B98D-4C2D-B0A5-A4810C6264F6}.Debug|x64.ActiveCfg = Debug|x64
		{02F248A1-B98D-4C2D-B0A5-A4810C6264F6}.Debug|x64.Build.0 = Debug|x64
		{02F248A1-B98D-4C2D-B0A5-A4810C6264F6}.Debug|x86.ActiveCfg = Debug|Win32
		{02F248A1-B98D-4C2D-B0A5-A4810C6264F6}.Debug|x86.Build.0 = Debug|Win32
		{02F248A1-B98D-4C2D-B0A5-A4810C6264F6}.Release|x64.ActiveCfg = Release|x64
		{02F248A1-B98D-4C2D-B0A5-A4810C6264F6}.Release|x64.Build.0 = Release|x64
		{02F248A1-B98D-4C2D-B0A5-A4810C6264F6}.Release|x86.ActiveCfg = Release|Win32
		{02F248A1-B98D-4C2D-B0A5-A4810C6264F6}.Release|x86.Build.0 = Release|Win32
		{16FE1A10-3F33-4289-A207-9E619D251B77}.Debug|x64.ActiveCfg = Debug|x64
		{16FE1A10-3F33-4289-A207-9E619D251B77}.Debug|x64.Build.0 = Debug|x64
		{16FE1A10-3F33-4289-A207-9E619D251B77}.Debug|x86.ActiveCfg = Debug|Win32
		{16FE1A10-3F33-4289-A207-9E619D251B77}.Debug|x86.Build.0 = Debug|Win32
		{16FE1A10-3F33-4289-A207-9E619D251B77}.Release|x64.ActiveCfg = Release|x64
		{16FE1A10-3F33-4289-A207-9E619D251B77}.Release|x64.Build.0 = Release|x64
		{16FE1A10-3F33-4289-A207-9E619D251B77}.Release|x86.ActiveCfg = Release|Win32
		{16FE1A10-3F33-4289-A207-9E619D251B77}.Release|x86.Build.0 = Release|Win32
		{29A09D03-F7F6-431D-917B-37EF94B45259}.Debug|x64.ActiveCfg = Debug|x64
		{29A09D03-F7F6-431D-917B-37EF94B45259}.Debug|x64.Build.0 = Debug|x64
		{29A09D03-F7F6-431D-917B-37EF94B45259}.Debug|x86.ActiveCfg = Debug|Win32
		{29A09D03-F7F6-431D-917B-37EF94B45259}.Debug|x86.Build.0 = Debug|Win32
		{29A09D03-F7F6-431D-917B-37EF94B45259}.Release|x64.ActiveCfg = Release|x64
		{29A09D03-F7F6-431D-917B-37EF94B45259}.Release|x64.Build.0 = Release|x64
		{29A09D03-F7F6-431D-917B-37EF94B45259}.Release|x86.ActiveCfg = Release|Win32
		{29A09D03-F7F6-431D-917B-37EF94B45259}.Release|x86.Build.0 = Release|Win32
		{F83777DA-1995-40B7-8E19-E42A42FC8E79}.Debug|x64.ActiveCfg = Debug|x64
		{F83777DA-1995-40B7-8E19-E42A42FC8E79}.Debug|x64.Build.0 = Debug|x64
		{F83777DA-1995-40B7-8E19-E42A42FC8E79}.Debug|x86.ActiveCfg = Debug|Win32
		{F83777DA-1995-40B7-8E19-E42A42FC8E79}.Debug|x86.Build.0 = Debug|Win32
		{F83777DA-1995-40B7-8E19-E42A42FC8E79}.Release|x64.ActiveCfg = Release|x64
		{F83777DA-1995-40B7-8E19-E42A42FC8E79}.Release|x64.Build.0 = Release|x64
		{F83777DA-1995-40B7-8E19-E42A42FC8E79}.Release|x86.ActiveCfg = Release|Win32
		{F83777DA-1995-40B7-8E19-E42A42FC8E79}.Release|x86.Build.0 = Release|Win32
		{0A45242E-9CF1-46AC-9174-799417359893}.Debug|x64.ActiveCfg = Debug|x64
		{0A45242E-9CF1-46AC-9174-799417359893}.Debug|x64.Build.0 = Debug|x64
		{0A45242E-9CF1-46AC-9174-799417359893}.Debug|x86.ActiveCfg = Debug|Win32
		{0A45242E-9CF1-46AC-9174-799417359893}.Debug|x86.Build.0 = Debug|Win32
		{0A45242E-9CF1-46AC-9174-799417359893}.Release|x64.ActiveCfg = Release|x64
		{0A45242E-9CF1-46AC-9174-799417359893}.Release|x64.Build.0 = Release|x64
		{0A45242E-9CF1-46AC-9174-799417359893}.Release|x86.ActiveCfg = Release|Win32
		{0A45242E-9CF1-46AC-9174-799417359893}.Release|x86.Build.0 = Release|Win32
		{D170330A-6BD6-4058-A859-DA536D93B38F}.Debug|x64.ActiveCfg = Debug|x64
		{D170330A-6BD6-4058-A859-DA536D93B38F}.Debug|x64.Build.0 = Debug|x64
		{D170330A-6BD6-4058-A859-DA536D93B38F}.Debug|x86.ActiveCfg = Debug|Win32
		{D170330A-6BD6-4058-A859-DA536D93B38F}.Debug|x86.Build.0 = Debug|Win32
		{D170330A-6BD6-4058-A859-DA536D93B38F}.Release|x64.ActiveCfg = Release|x64
		{D170330A-6BD6-4058-A859-DA536D93B38F}.Release|x64.Build.0 = Release|x64
		{D170330A-6BD6-4058-A859-DA536D93B38F}.Release|x86.ActiveCfg = Release|Win32
		{D170330A-6BD6-4058-A859-DA536D93B38F}.Release|x86.Build.0 = Release|Win32
		{41B77BDA-EED8-42E2-9ED7-E4A6C1B9DE5C}.Debug|x64.ActiveCfg = Debug|x64
		{41B77BDA-EED8-42E2-9ED7-E4A6C1B9DE5C}.Debug|x64.Build.0 = Debug|x64
		{41B77BDA-EED8-42E2-9ED7-E4A6C1B9DE5C}.Debug|x86.ActiveCfg = Debug|Win32
		{41B77BDA-EED8-42E2-9ED7-E4A6C1B9DE5C}.Debug|x86.Build.0 = Debug|Win32
		{41B77BDA-EED8-42E2-9ED7-E4A6C1B9DE5C}.Release|x64.ActiveCfg = Release|x64
		{41B77BDA-EED8-42E2-9ED7-E4A6C1B9DE5C}.Release|x64.Build.0 = Release|x64
		{41B77BDA-EED8-42E2-9ED7-E4A6C1B9DE5C}.Release|x86.ActiveCfg = Release|Win32
		{41B77BDA-EED8-42E2-9ED7-E4A6C1B9DE5C}.Release|x86.Build.0 = Release|Win32
		{43395BA9-736D-4CF0-9735-55D8CA50ED99}.Debug|x64.ActiveCfg = Debug|x64
		{43395BA9-736D-4CF0-9735-55D8CA50ED99}.Debug|x64.Build.0 = Debug|x64
		{43395BA9-736D-4CF0-9735-55D8CA50ED99}.Debug|x86.ActiveCfg = Debug|Win32
		{43395BA9-736D-4CF0-9735-55D8CA50ED99}.Debug|x86.Build.0 = Debug|Win32
		{43395BA9-736D-4CF0-9735-55D8CA50ED99}.Release|x64.ActiveCfg = Release|x64
		{43395BA9-736D-4CF0-9735-55D8CA50ED99}.Release|x64.Build.0 = Release|x64
		{43395BA9-736D-4CF0-9735-55D8CA50ED99}.Release|x86.ActiveCfg = Release|Win32
		{43395BA9-736D-4CF0-9735-55D8CA50ED99}.Release|x86.Build.0 = Release|Win32
		{A40F8A1A-A072-4388-B85B-00A6F88F3C00}.Debug|x64.ActiveCfg = Debug|x64
		{A40F8A1A-A072-4388-B85B-00A6F88F3C00}.Debug|x64.Build.0 = Debug|x64
		{A40F8A1A-A072-4388-B85B-00A6F88F3C00}.Debug|x86.ActiveCfg = Debug|Win32
		{A40F8A1A-A072-4388-B85B-00A6F88F3C00}.Debug|x86.Build.0 = Debug|Win32
		{A40F8A1A-A072-4388-B85B-00A6F88F3C00}.Release|x64.ActiveCfg = Release|x64
		{A40F8A1A-A072-4388-B85B-00A6F88F3C00}.Release|x64.Build.0 = Release|x64
		{A40F8A1A-A072-4388-B85B-00A6F88F3C00}.Release|x86.ActiveCfg = Release|Win32
		{A40F8A1A-A072-4388-B85B-00A6F88F3C00}.Release|x86.Build.0 = Release|Win32
		{0F2BE728-B016-41E4-B8E5-CDB0F2B8A544}.Debug|x64.ActiveCfg = Debug|x64
		{0F2BE728-B016-41E4-B8E5-CDB0F2B8A544}.Debug|x64.Build.0 = Debug|x64
		{0F2BE728-B016-41E4-B8E5-CDB0F2B8A544}.Debug|x86.ActiveCfg = Debug|Win32
		{0F2BE728-B016-41E4-B8E5-CDB0F2B8A544}.Debug|x86.Build.0 = Debug|Win32
		{0F2BE728-B016-41E4-B8E5-CDB0F2B8A544}.Release|x64.ActiveCfg = Release|x64
		{0F2BE728-B016-41E4-B8E5-CDB0F2B8A544}.Release|x64.Build.0 = Release|x64
		{0F2BE728-B016-41E4-B8E5-CDB0F2B8A544}.Release|x86.ActiveCfg = Release|Win32
		{0F2BE728-B016-41E4-B8E5-CDB0F2B8A544}.Release|x86.Build.0 = Release|Win32
		{A253DD58-5461-4263-B1B8-DEA7AC64FBD5}.Debug|x64.ActiveCfg = Debug|x64
		{A253DD58-5461-4263-B1B8-DEA7AC64FBD5}.Debug|x64.Build.0 = Debug|x64
		{A253DD58-5461-4263-B1B8-DEA7AC64FBD5}.Debug|x86.ActiveCfg = Debug|Win32
		{A253DD58-5461-4263-B1B8-DEA7AC64FBD5}.Debug|x86.Build.0 = Debug|Win32
		{A253DD58-5461-4263-B1B8-DEA7AC64FBD5}.Release|x64.ActiveCfg = Release|x64
		{A253DD58-5461-4263-B1B8-DEA7AC64FBD5}.Release|x64.Build.0 = Release|x64
		{A253DD58-5461-4263-B1B8-DEA7AC64FBD5}.Release|x86.ActiveCfg = Release|Win32
		{A253DD58-5461-4263-B1B8-DEA7AC64FBD5}.Release|x86.Build.0 = Release|Win32
		{523391ED-6CC7-4FA4-BE1D-680C07C766DC}.Debug|x64.ActiveCfg = Debug|x64
		{523391ED-6CC7-4FA4-BE1D-680C07C766DC}.Debug|x64.Build.0 = Debug|x64
		{523391ED-6CC7-4FA4-BE1D-680C07C766DC}.Debug|x86.ActiveCfg = Debug|Win32
		{523391ED-6CC7-4FA4-BE1D-680C07C766DC}.Debug|x86.Build.0 = Debug|Win32
		{523391ED-6CC7-4FA4-BE1D-680C07C766DC}.Release|x64.ActiveCfg = Release|x64
		{523391ED-6CC7-4FA4-BE1D-680C07C766DC}.Release|x64.Build.0 = Release|x64
		{523391ED-6CC7-4FA4-BE1D-680C07C766DC}.Release|x86.ActiveCfg = Release|Win32
		{523391ED-6CC7-4FA4-BE1D-680C07C766DC}.Release|x86.Build.0 = Release|Win32
		{C2451700-3F65-4972-80A5-1010BCAEF6C7}.Debug|x64.ActiveCfg = Debug|x64
		{C2451700-3F65-4972-80A5-1010BCAEF6C7}.Debug|x64.Build.0 = Debug|x64
		{C2451700-3F65-4972-80A5-1010BCAEF6C7}.Debug|x86.ActiveCfg = Debug|Win32
		{C2451700-3F65-4972-80A5-1010BCAEF6C7}.Debug|x86.Build.0 = Debug|Win32
		{C2451700-3F65-4972-80A5-1010BCAEF6C7}.Release|x64.ActiveCfg = Release|x64
		{C2451700-3F65-4972-80A5-1010BCAEF6C7}.Release|x64.Build.0 = Release|x64
		{C2451700-3F65-4972-80A5-1010BCAEF6C7}.Release|x86.ActiveCfg = Release|Win32
		{C2451700-3F65-4972-80A5-1010BCAEF6C7}.Release|x86.Build.0 = Release|Win32
		{F8F7A979-559B-49F1-BF1A-1EB49670ADA7}.Debug|x64.ActiveCfg = Debug|x64
		{F8F7A979-559B-49F1-BF1A-1EB49670ADA7}.Debug|x64.Build.0 = Debug|x64
		{F8F7A979-559B-49F1-BF1A-1EB49670ADA7}.Debug|x86.ActiveCfg = Debug|Win32
		{F8F7A979-559B-49F1-BF1A-1EB49670ADA7}.Debug|x86.Build.0 = Debug|Win32
		{F8F7A979-559B-49F1-BF1A-1EB49670ADA7}.Release|x64.ActiveCfg = Release|x64
		{F8F7A979-559B-49F1-BF1A-1EB49670ADA7}.Release|x64.Build.0 = Release|x64
		{F8F7A979-559B-49F1-BF1A-1EB49670ADA7}.Release|x86.ActiveCfg = Release|Win32
		{F8F7A979-559B-49F1-BF1A-1EB49670ADA7}.Release|x86.Build.0 = Release|Win32
		{42FF5C8A-D2C4-41D9-B2F9-80E2397ACA37}.Debug|x64.ActiveCfg = Debug|x64
		{42FF5C8A-D2C4-41D9-B2F9-80E2397ACA37}.Debug|x64.Build.0 = Debug|x64
		{42FF5C8A-D2C4-41D9-B2F9-80E2397ACA37}.Debug|x86.ActiveCfg = Debug|Win32
		{42FF5C8A-D2C4-41D9-B2F9-80E2397ACA37}.Debug|x86.Build.0 = Debug|Win32
		{42FF5C8A-D2C4-41D9-B2F9-80E2397ACA37}.Release|x64.ActiveCfg = Release|x64
		{42FF5C8A-D2C4-41D9-B2F9-80E2397ACA37}.Release|x64.Build.0 = Release|x64
		{42FF5C8A-D2C4-41D9-B2F9-80E2397ACA37}.Release|x86.ActiveCfg = Release|Win32
		{42FF5C8A-D2C4-41D9-B2F9-80E2397ACA37}.Release|x86.Build.0 = Release|Win32
		{EE503CFB-4266-4726-90F9-0BA9B2CA2724}.Debug|x64.ActiveCfg = Debug|x64
		{EE503CFB-4266-4726-90F9-0BA9B2CA2724}.Debug|x64.Build.0 = Debug|x64
		{EE503CFB-4266-4726-90F9-0BA9B2CA2724}.Debug|x86.ActiveCfg = Debug|Win32
		{EE503CFB-4266-4726-90F9-0BA9B2CA2724}.Debug|x86.Build.0 = Debug|Win32
		{EE503CFB-4266-4726-90F9-0BA9B2CA2724}.Release|x64.ActiveCfg = Release|x64
		{EE503CFB-4266-4726-90F9-0BA9B2CA2724}.Release|x64.Build.0 = Release|x64
		{EE503CFB-4266-4726-90F9-0BA9B2CA2724}.Release|x86.ActiveCfg = Release|Win32
		{EE503CFB-4266-4726-90F9-0BA9B2CA2724}.Release|x86.Build.0 = Release|Win32
		{A87D391C-F418-4F87-A48C-7DD058B5673B}.Debug|x64.ActiveCfg = Debug|x64
		{A87D391C-F418-4F87-A48C-7DD058B5673B}.Debug|x64.Build.0 = Debug|x64
		{A87D391C-F418-4F87-A48C-7DD058B5673B}.Debug|x86.ActiveCfg = Debug|Win32
		{A87D391C-F418-4F87-A48C-7DD058B5673B}.Debug|x86.Build.0 = Debug|Win32
		{A87D391C-F418-4F87-A48C-7DD058B5673B}.Release|x64.ActiveCfg = Release|x64
		{A87D391C-F418-4F87-A48C-7DD058B5673B}.Release|x64.Build.0 = Release|x64
		{A87D391C-F418-4F87-A48C-7DD058B5673B}.Release|x86.ActiveCfg = Release|Win32
		{A87D391C-F418-4F87-A48C-7DD058B5673B}.Release|x86.Build.0 = Release|Win32
		{508EA79C-EB94-403B-A494-E84CC3953A7C}.Debug|x64.ActiveCfg = Debug|x64
		{508EA79C-EB94-403B-A494-E84CC3953A7C}.Debug|x64.Build.0 = Debug|x64
		{508EA79C-EB94-403B-A494-E84CC3953A7C}.Debug|x86.ActiveCfg = Debug|Win32
		{508EA79C-EB94-403B-A494-E84CC3953A7C}.Debug|x86.Build.0 = Debug|Win32
		{508EA79C-EB94-403B-A494-E84CC3953A7C}.Release|x64.ActiveCfg = Release|x64
		{508EA79C-EB94-403B-A494-E84CC3953A7C}.Release|x64.Build.0 = Release|x64
		{508EA79C-EB94-403B-A494-E84CC3953A7C}.Release|x86.ActiveCfg = Release|Win32
		{508EA79C-EB94-403B-A494-E84CC3953A7C}.Release|x86.Build.0 = Release|Win32
		{993213DD-7517-4EBB-9FDD-B906EBB6E230}.Debug|x64.ActiveCfg = Debug|x64
		{993213DD-7517-4EBB-9FDD-B906EBB6E230}.Debug|x64.Build.0 = Debug|x64
		{993213DD-7517-4EBB-9FDD-B906EBB6E230}.Debug|x86.ActiveCfg = Debug|Win32
		{993213DD-7517-4EBB-9FDD-B906EBB6E230}.Debug|x86.Build.0 = Debug|Win32
		{993213DD-7517-4EBB-9FDD-B906EBB6E230}.Release|x64.ActiveCfg = Release|x64
		{993213DD-7517-4EBB-9FDD-B906EBB6E230}.Release|x64.Build.0 = Release|x64
		{993213DD-7517-4EBB-9FDD-B906EBB6E230}.Release|x86.ActiveCfg = Release|Win32
		{993213DD-7517-4EBB-9FDD-B906EBB6E230}.Release|x86.Build.0 = Release|Win32
		{F43ECC46-9F9D-4117-9DAB-D86AFEF2035C}.Debug|x64.ActiveCfg = Debug|x64
		{F43ECC46-9F9D-4117-9DAB-D86AFEF2035C}.Debug|x64.Build.0 = Debug|x64
		{F43ECC46-9F9D-4117-9DAB-D86AFEF2035C}.Debug|x86.ActiveCfg = Debug|Win32
		{F43ECC46-9F9D-4117-9DAB-D86AFEF2035C}.Debug|x86.Build.0 = Debug|Win32
		{F43ECC46-9F9D-4117-9DAB-D86AFEF2035C}.Release|x64.ActiveCfg = Release|x64
		{F43ECC46-9F9D-4117-9DAB-D86AFEF2035C}.Release|x64.Build.0 = Release|x64
		{F43ECC46-9F9D-4117-9DAB-D86AFEF2035C}.Release|x86.ActiveCfg = Release|Win32
		{F43ECC46-9F9D-4117-9DAB-D86AFEF2035C}.Release|x86.Build.0 = Release|Win32
		{C2CA699A-603E-47E8-974B-38084D5B84DE}.Debug|x64.ActiveCfg = Debug|x64
		{C2CA699A-603E-47E8-974B-38084D5B84DE}.Debug|x64.Build.0 = Debug|x64
		{C2CA699A-603E-47E8-974B-38084D5B84DE}.Debug|x86.ActiveCfg = Debug|Win32
		{C2CA699A-603E-47E8-974B-38084D5B84DE}.Debug|x86.Build.0 = Debug|Win32
		{C2CA699A-603E-47E8-974B-38084D5B84DE}.Release|x64.ActiveCfg = Release|x64
		{C2CA699A-603E-47E8-974B-38084D5B84DE}.Release|x64.Build.0 = Release|x64
		{C2CA699A-603E-47E8-974B-38084D5B84DE}.Release|x86.ActiveCfg = Release|Win32
		{C2CA699A-603E-47E8-974B-38084D5B84DE}.Release|x86.Build.0 = Release|Win32
		{B1193E10-C786-4DB9-AE05-B589A835E417}.Debug|x64.ActiveCfg = Debug|x64
		{B1193E10-C786-4DB9-AE05-B589A835E417}.Debug|x64.Build.0 = Debug|x64
		{B1193E10-C786-4DB9-AE05-B589A835E417}.Debug|x86.ActiveCfg = Debug|Win32
		{B1193E10-C786-4DB9-AE05-B589A835E417}.Debug|x86.Build.0 = Debug|Win32
		{B1193E10-C786-4DB9-AE05-B589A835E417}.Release|x64.ActiveCfg = Release|x64
		{B1193E10-C786-4DB9-AE05-B589A835E417}.Release|x64.Build.0 = Release|x64
		{B1193E10-C786-4DB9-AE05-B589A835E417}.Release|x86.ActiveCfg = Release|Win32
		{B1193E10-C786-4DB9-AE05-B589A835E417}.Release|x86.Build.0 = Release|Win32
		{649BCCD3-103B-4156-909D-1A435A6BD247}.Debug|x64.ActiveCfg = Debug|x64
		{649BCCD3-103B-4156-909D-1A435A6BD247}.Debug|x64.Build.0 = Debug|x64
		{649BCCD3-103B-4156-909D-1A435A6BD247}.Debug|x86.ActiveCfg = Debug|Win32
		{649BCCD3-103B-4156-909D-1A435A6BD247}.Debug|x86.Build.0 = Debug|Win32
		{649BCCD3-103B-4156-909D-1A435A6BD247}.Release|x64.ActiveCfg = Release|x64
		{649BCCD3-103B-4156-909D-1A435A6BD247}.Release|x64.Build.0 = Release|x64
		{649BCCD3-103B-4156-909D-1A435A6BD247}.Release|x86.ActiveCfg = Release|Win32
		{649BCCD3-103B-4156-909D-1A435A6BD247}.Release|x86.Build.0 = Release|Win32
		{3A5ACF4D-E1C1-4286-93E0-657F1D431A88}.Debug|x64.ActiveCfg = Debug|x64
		{3A5ACF4D-E1C1-4286-93E0-657F1D431A88}.Debug|x64.Build.0 = Debug|x64
		{3A5ACF4D-E1C1-4286-93E0-657F1D431A88}.Debug|x86.ActiveCfg = Debug|Win32
		{3A5ACF4D-E1C1-4286-93E0-657F1D431A88}.Debug|x86.Build.0 = Debug|Win32
		{3A5ACF4D-E1C1-4286-93E0-657F1D431A88}.Release|x64.ActiveCfg = Release|x64
		{3A5ACF4D-E1C1-4286-93E0-657F1D431A88}.Release|x64.Build.0 = Release|x64
		{3A5ACF4D-E1C1-4286-93E0-657F1D431A88}.Release|x86.ActiveCfg = Release|Win32
		{3A5ACF4D-E1C1-4286-93E0-657F1D431A88}.Release|x86.Build.0 = Release|Win32
		{540FA2AB-1D75-4090-BEE3-C56CCC9D013D}.Debug|x64.ActiveCfg = Debug|x64
		{540FA2AB-1D75-4090-BEE3-C56CCC9D013D}.Debug|x64.Build.0 = Debug|x64
		{540FA2AB-1D75-4090-BEE3-C56CCC9D013D}.Debug|x86.ActiveCfg = Debug|Win32
		{540FA2AB-1D75-4090-BEE3-C56CCC9D013D}.Debug|x86.Build.0 = Debug|Win32
		{540FA2AB-1D75-4090-BEE3-C56CCC9D013D}.Release|x64.ActiveCfg = Release|x64
		{540FA2AB-1D75-4090-BEE3-C56CCC9D013D}.Release|x64.Build.0 = Release|x64
		{540FA2AB-1D75-4090-BEE3-C56CCC9D013D}.Release|x86.ActiveCfg = Release|Win32
		{540FA2AB-1D75-4090-BEE3-C56CCC9D013D}.Release|x86.Build.0 = Release|Win32
		{2D251C9A-128F-4D42-9FA9-905591AC6DFF}.Debug|x64.ActiveCfg = Debug|x64
		{2D251C9A-128F-4D42-9FA9-905591AC6DFF}.Debug|x64.Build.0 = Debug|x64
		{2D251C9A-128F-4D42-9FA9-905591AC6DFF}.Debug|x86.ActiveCfg = Debug|Win32
		{2D251C9A-128F-4D42-9FA9-905591AC6DFF}.Debug|x86.Build.0 = Debug|Win32
		{2D251C9A-128F-4D42-9FA9-905591AC6DFF}.Release|x64.ActiveCfg = Release|x64
		{2D251C9A-128F-4D42-9FA9-905591AC6DFF}.Release|x64.Build.0 = Release|x64
		{2D251C9A-128F-4D42-9FA9-905591AC6DFF}.Release|x86.ActiveCfg = Release|Win32
		{2D251C9A-128F-4D42-9FA9-905591AC6DFF}.Release|x86.Build.0 = Release|Win32
		{2787EF87-6E91-428F-980B-0BF258BD9B27}.Debug|x64.ActiveCfg = Debug|x64
		{2787EF87-6E91-428F-980B-0BF258BD9B27}.Debug|x64.Build.0 = Debug|x64
		{2787EF87-6E91-428F-980B-0BF258BD9B27}.Debug|x86.ActiveCfg = Debug|Win32
		{2787EF87-6E91-428F-980B-0BF258BD9B27}.Debug|x86.Build.0 = Debug|Win32
		{2787EF87-6E91-428F-980B-0BF258BD9B27}.Release|x64.ActiveCfg = Release|x64
		{2787EF87-6E91-428F-980B-0BF258BD9B27}.Release|x64.Build.0 = Release|x64
		{2787EF87-6E91-428F-980B-0BF258BD9B27}.Release|x86.ActiveCfg = Release|Win32
		{2787EF87-6E91-428F-980B-0BF258BD9B27}.Release|x86.Build.0 = Release|Win32
		{087EB372-20F4-46CD-8AEE-9E16B70D9823}.Debug|x64.ActiveCfg = Debug|x64
		{087EB372-20F4-46CD-8AEE-9E16B70D9823}.Debug|x64.Build.0 = Debug|x64
		{087EB372-20F4-46CD-8AEE-9E16B70D9823}.Debug|x86.ActiveCfg = Debug|Win32
		{087EB372-20F4-46CD-8AEE-9E16B70D9823}.Debug|x86.Build.0 = Debug|Win32
		{087EB372-20F4-46CD-8AEE-9E16B70D9823}.Release|x64.ActiveCfg = Release|x64
		{087EB372-20F4-46CD-8AEE-9E16B70D9823}.Release|x64.Build.0 = Release|x64
		{087EB372-20F4-46CD-8AEE-9E16B70D9823}.Release|x86.ActiveCfg = Release|Win32
		{087EB372-20F4-46CD-8AEE-9E16B70D9823}.Release|x86.Build.0 = Release|Win32
		{019BC9A3-5946-41B7-AE55-A81349BC7717}.Debug|x64.ActiveCfg = Debug|x64
		{019BC9A3-5946-41B7-AE55-A81349BC7717}.Debug|x64.Build.0 = Debug|x64
		{019BC9A3-5946-41B7-AE55-A81349BC7717}.Debug|x86.ActiveCfg = Debug|Win32
		{019BC9A3-5946-41B7-AE55-A81349BC7717}.Debug|x86.Build.0 = Debug|Win32
		{019BC9A3-5946-41B7-AE55-A81349BC7717}.Release|x64.ActiveCfg = Release|x64
		{019BC9A3-5946-41B7-AE55-A81349BC7717}.Release|x64.Build.0 = Release|x64
		{019BC9A3-5946-41B7-AE55-A81349BC7717}.Release|x86.ActiveCfg = Release|Win32
		{019BC9A3-5946-41B7-AE55-A81349BC7717}.Release|x86.Build.0 = Release|Win32
		{8D3234ED-671B-47E0-9303-E4D54BC73C17}.Debug|x64.ActiveCfg = Debug|x64
		{8D3234ED-671B-47E0-9303-E4D54BC73C17}.Debug|x64.Build.0 = Debug|x64
		{8D3234ED-671B-47E0-9303-E4D54BC73C17}.Debug|x86.ActiveCfg = Debug|Win32
		{8D3234ED-671B-47E0-9303-E4D54BC73C17}.Debug|x86.Build.0 = Debug|Win32
		{8D3234ED-671B-47E0-9303-E4D54BC73C17}.Release|x64.ActiveCfg = Release|x64
		{8D3234ED-671B-47E0-9303-E4D54BC73C17}.Release|x64.Build.0 = Release|x64
		{8D3234ED-671B-47E0-9303-E4D54BC73C17}.Release|x86.ActiveCfg = Release|Win32
		{8D3234ED-671B-47E0-9303-E4D54BC73C17}.Release|x86.Build.0 = Release|Win32
		{75F214E5-7308-45A7-B50C-DF9715BEE69F}.Debug|x64.ActiveCfg = Debug|x64
		{75F214E5-7308-45A7-B50C-DF9715BEE69F}.Debug|x64.Build.0 = Debug|x64
		{75F214E5-7308-45A7-B50C-DF9715BEE69F}.Debug|x86.ActiveCfg = Debug|Win32
		{75F214E5-7308-45A7-B50C-DF9715BEE69F}.Debug|x86.Build.0 = Debug|Win32
		{75F214E5-7308-45A7-B50C-DF9715BEE69F}.Release|x64.ActiveCfg = Release|x64
		{75F214E5-7308-45A7-B50C-DF9715BEE69F}.Release|x64.Build.0 = Release|x64
		{75F214E5-7308-45A7-B50C-DF9715BEE69F}.Release|x86.ActiveCfg = Release|Win32
		{75F214E5-7308-45A7-B50C-DF9715BEE69F}.Release|x86.Build.0 = Release|Win32
		{0B275088-1885-494E-9DFB-26F06A02886E}.Debug|x64.ActiveCfg = Debug|x64
		{0B275088-1885-494E-9DFB-26F06A02886E}.Debug|x64.Build.0 = Debug|x64
		{0B275088-1885-494E-9DFB-26F06A02886E}.Debug|x86.ActiveCfg = Debug|Win32
		{0B275088-1885-494E-9DFB-26F06A02886E}.Debug|x86.Build.0 = Debug|Win32
		{0B275088-1885-494E-9DFB-26F06A02886E}.Release|x64.ActiveCfg = Release|x64
		{0B275088-1885-494E-9DFB-26F06A02886E}.Release|x64.Build.0 = Release|x64
		{0B275088-1885-494E-9DFB-26F06A02886E}.Release|x86.ActiveCfg = Release|Win32
		{0B275088-1885-494E-9DFB-26F06A02886E}.Release|x86.Build.0 = Release|Win32
		{8893304A-92AA-42E7-9F83-C545D5A9446E}.Debug|x64.ActiveCfg = Debug|x64
		{8893304A-92AA-42E7-9F83-C545D5A9446E}.Debug|x64.Build.0 = Debug|x64
		{8893304A-92AA-42E7-9F83-C545D5A9446E}.Debug|x86.ActiveCfg = Debug|Win32
		{8893304A-92AA-42E7-9F83-C545D5A9446E}.Debug|x86.Build.0 = Debug|Win32
		{8893304A-92AA-42E7-9F83-C545D5A9446E}.Release|x64.ActiveCfg = Release|x64
		{8893304A-92AA-42E7-9F83-C545D5A9446E}.Release|x64.Build.0 = Release|x64
		{8893304A-92AA-42E7-9F83-C545D5A9446E}.Release|x86.ActiveCfg = Release|Win32
		{8893304A-92AA-42E7-9F83-C545D5A9446E}.Release|x86.Build.0 = Release|Win32
		{C9045AE4-8E6A-4362-A91B-5A358D2DA4D3}.Debug|x64.ActiveCfg = Debug|x64
		{C9045AE4-8E6A-4362-A91B-5A358D2DA4D3}.Debug|x64.Build.0 = Debug|x64
		{C9045AE4-8E6A-4362-A91B-5A358D2DA4D3}.Debug|x86.ActiveCfg = Debug|Win32
		{C9045AE4-8E6A-4362-A91B-5A358D2DA4D3}.Debug|x86.Build.0 = Debug|Win32
		{C9045AE4-8E6A-4362-A91B-5A358D2DA4D3}.Release|x64.ActiveCfg = Release|x64
		{C9045AE4-8E6A-4362-A91B-5A358D2DA4D3}.Release|x64.Build.0 = Release|x64
		{C9045AE4-8E6A-4362-A91B-5A358D2DA4D3}.Release|x86.ActiveCfg = Release|Win32
		{C9045AE4-8E6A-4362-A91B-5A358D2DA4D3}.Release|x86.Build.0 = Release|Win32
		{5BEF4FA2-F92A-4F22-B67A-5137D23220CC}.Debug|x64.ActiveCfg = Debug|x64
		{5BEF4FA2-F92A-4F22-B67A-5137D23220CC}.Debug|x64.Build.0 = Debug|x64
		{5BEF4FA2-F92A-4F22-B67A-5137D23220CC}.Debug|x86.ActiveCfg = Debug|Win32
		{5BEF4FA2-F92A-4F22-B67A-5137D23220CC}.Debug|x86.Build.0 = Debug|Win32
		{5BEF4FA2-F92A-4F22-B67A-5137D23220CC}.Release|x64.ActiveCfg = Release|x64
		{5BEF4FA2-F92A-4F22-B67A-5137D23220CC}.Release|x64.Build.0 = Release|x64
		{5BEF4FA2-F92A-4F22-B67A-5137D23220CC}.Release|x86.ActiveCfg = Release|Win32
		{5BEF4FA2-F92A-4F22-B67A-5137D23220CC}.Release|x86.Build.0 = Release|Win32
		{9402EF15-1033-40C1-8326-C13FF9BE5500}.Debug|x64.ActiveCfg = Debug|x64
		{9402EF15-1033-40C1-8326-C13FF9BE5500}.Debug|x64.Build.0 = Debug|x64
		{9402EF15-1033-40C1-8326-C13FF9BE5500}.Debug|x86.ActiveCfg = Debug|Win32
		{9402EF15-1033-40C1-8326-C13FF9BE5500}.Debug|x86.Build.0 = Debug|Win32
		{9402EF15-1033-40C1-8326-C13FF9BE5500}.Release|x64.ActiveCfg = Release|x64
		{9402EF15-1033-40C1-8326-C13FF9BE5500}.Release|x64.Build.0 = Release|x64
		{9402EF15-1033-40C1-8326-C13FF9BE5500}.Release|x86.ActiveCfg = Release|Win32
		{9402EF15-1033-40C1-8326-C13FF9BE5500}.Release|x86.Build.0 = Release|Win32
		{C6DD0E6A-9CA9-4444-B658-152BDF2DA323}.Debug|x64.ActiveCfg = Debug|x64
		{C6DD0E6A-9CA9-4444-B658-152BDF2DA323}.Debug|x64.Build.0 = Debug|x64
		{C6DD0E6A-9CA9-4444-B658-152BDF2DA323}.Debug|x86.ActiveCfg = Debug|Win32
		{C6DD0E6A-9CA9-4444-B658-152BDF2DA323}.Debug|x86.Build.0 = Debug|Win32
		{C6DD0E6A-9CA9-4444-B658-152BDF2DA323}.Release|x64.ActiveCfg = Release|x64
		{C6DD0E6A-9CA9-4444-B658-152BDF2DA323}.Release|x64.Build.0 = Release|x64
		{C6DD0E6A-9CA9-4444-B658-152BDF2DA323}.Release|x86.ActiveCfg = Release|Win32
		{C6DD0E6A-9CA9-4444-B658-152BDF2DA323}.Release|x86.Build.0 = Release|Win32
		{A94DC569-1124-45D5-9FE2-AC622F6130A8}.Debug|x64.ActiveCfg = Debug|x64
		{A94DC569-1124-45D5-9FE2-AC622F6130A8}.Debug|x64.Build.0 = Debug|x64
		{A94DC569-1124-45D5-9FE2-AC622F6130A8}.Debug|x86.ActiveCfg = Debug|Win32
		{A94DC569-1124-45D5-9FE2-AC622F6130A8}.Debug|x86.Build.0 = Debug|Win32
		{A94DC569-1124-45D5-9FE2-AC622F6130A8}.Release|x64.ActiveCfg = Release|x64
		{A94DC569-1124-45D5-9FE2-AC622F6130A8}.Release|x64.Build.0 = Release|x64
		{A94DC569-1124-45D5-9FE2-AC622F6130A8}.Release|x86.ActiveCfg = Release|Win32
		{A94DC569-1124-45D5-9FE2-AC622F6130A8}.Release|x86.Build.0 = Release|Win32
	EndGlobalSection
	GlobalSection(SolutionProperties) = preSolution
		HideSolutionNode = FALSE
	EndGlobalSection
	GlobalSection(ExtensibilityGlobals) = postSolution
		SolutionGuid = {52C24443-F6A4-4425-AEE4-A1BFF31C5C68}
	EndGlobalSection
EndGlobal
